
Microsoft Visual Studio Solution File, Format Version 12.00
# Visual Studio Version 17
VisualStudioVersion = 17.2.32630.192
MinimumVisualStudioVersion = 10.0.40219.1
Project("{9A19103F-16F7-4668-BE54-9A1E7A4F7556}") = "R5T.S0088", "R5T.S0088\R5T.S0088.csproj", "{A3217750-8A76-4266-ABFE-E59D6B3F4A38}"
EndProject
Project("{2150E333-8FDC-42A3-9474-1A3956D46DE8}") = "_Dependencies", "_Dependencies", "{61658AB5-FFDB-45CE-9AC5-05C29F84C7CB}"
EndProject
Project("{9A19103F-16F7-4668-BE54-9A1E7A4F7556}") = "R5T.F0000", "..\..\R5T.F0000\source\R5T.F0000\R5T.F0000.csproj", "{D0C09792-B06E-4FA8-8ABD-11AD4EBB56F3}"
EndProject
Project("{9A19103F-16F7-4668-BE54-9A1E7A4F7556}") = "R5T.F0002", "..\..\R5T.F0002\source\R5T.F0002\R5T.F0002.csproj", "{09B24C75-0FF0-4726-B791-741185970CDC}"
EndProject
Project("{9A19103F-16F7-4668-BE54-9A1E7A4F7556}") = "R5T.F0017.F002", "..\..\R5T.F0017\source\R5T.F0017.F002\R5T.F0017.F002.csproj", "{9BE99798-EDDC-436C-A920-E22C419241EB}"
EndProject
Project("{9A19103F-16F7-4668-BE54-9A1E7A4F7556}") = "R5T.F0018", "..\..\R5T.F0018\source\R5T.F0018\R5T.F0018.csproj", "{B0539DB8-BD03-45B9-A963-F24C9F7F4F85}"
EndProject
Project("{9A19103F-16F7-4668-BE54-9A1E7A4F7556}") = "R5T.F0032", "..\..\R5T.F0032\source\R5T.F0032\R5T.F0032.csproj", "{AE5AC5AE-40AB-44BF-A4FB-17FC5B36FD51}"
EndProject
Project("{9A19103F-16F7-4668-BE54-9A1E7A4F7556}") = "R5T.F0099.T000", "..\..\R5T.F0099\source\R5T.F0099.T000\R5T.F0099.T000.csproj", "{229BE22F-DBA1-4600-99C8-6162BF42C30D}"
EndProject
Project("{9A19103F-16F7-4668-BE54-9A1E7A4F7556}") = "R5T.F0109", "..\..\R5T.F0109\source\R5T.F0109\R5T.F0109.csproj", "{4EBBBD99-B4B9-4B01-9115-CA0336C73789}"
EndProject
Project("{9A19103F-16F7-4668-BE54-9A1E7A4F7556}") = "R5T.F0120", "..\..\R5T.F0120\source\R5T.F0120\R5T.F0120.csproj", "{363A1DC4-ACC1-4BDB-B7E3-0EBCFB3B3894}"
EndProject
Project("{9A19103F-16F7-4668-BE54-9A1E7A4F7556}") = "R5T.F0124", "..\..\R5T.F0124\source\R5T.F0124\R5T.F0124.csproj", "{75AA7EB2-93A7-4A03-8824-57BF8B9C601D}"
EndProject
Project("{9A19103F-16F7-4668-BE54-9A1E7A4F7556}") = "R5T.F0125", "..\..\R5T.F0125\source\R5T.F0125\R5T.F0125.csproj", "{287C2CA9-7494-44C4-A9AC-81AEFB96A1ED}"
EndProject
Project("{9A19103F-16F7-4668-BE54-9A1E7A4F7556}") = "R5T.L0030.T000", "..\..\R5T.L0030\source\R5T.L0030.T000\R5T.L0030.T000.csproj", "{BEA0A5F0-9FC5-412C-8A14-8AC08795291B}"
EndProject
Project("{9A19103F-16F7-4668-BE54-9A1E7A4F7556}") = "R5T.L0030", "..\..\R5T.L0030\source\R5T.L0030\R5T.L0030.csproj", "{C365A374-EBBC-4B94-87C8-01446568B0CB}"
EndProject
Project("{9A19103F-16F7-4668-BE54-9A1E7A4F7556}") = "R5T.L0034", "..\..\R5T.L0034\source\R5T.L0034\R5T.L0034.csproj", "{068506D2-D64A-4155-A96E-752B659D996E}"
EndProject
Project("{9A19103F-16F7-4668-BE54-9A1E7A4F7556}") = "R5T.L0035", "..\..\R5T.L0035\source\R5T.L0035\R5T.L0035.csproj", "{E2B12077-570D-4867-9562-719459B335E8}"
EndProject
Project("{9A19103F-16F7-4668-BE54-9A1E7A4F7556}") = "R5T.L0052.T001", "..\..\R5T.L0052\source\R5T.L0052.T001\R5T.L0052.T001.csproj", "{B849C173-E31A-4795-B38C-3ED3705033C9}"
EndProject
Project("{9A19103F-16F7-4668-BE54-9A1E7A4F7556}") = "R5T.L0052.Z001", "..\..\R5T.L0052\source\R5T.L0052.Z001\R5T.L0052.Z001.csproj", "{E55E7B0D-EC57-48C3-9322-D4F3D5A00A23}"
EndProject
Project("{9A19103F-16F7-4668-BE54-9A1E7A4F7556}") = "R5T.L0052", "..\..\R5T.L0052\source\R5T.L0052\R5T.L0052.csproj", "{CBCA6A1F-7ECF-4ECC-92C7-697BAA3D4EE2}"
EndProject
Project("{9A19103F-16F7-4668-BE54-9A1E7A4F7556}") = "R5T.NG0008", "..\..\R5T.NG0008\source\R5T.NG0008\R5T.NG0008.csproj", "{37B614D1-B78A-4C2D-84A6-181649BB598C}"
EndProject
Project("{9A19103F-16F7-4668-BE54-9A1E7A4F7556}") = "R5T.NG0010", "..\..\R5T.NG0010\source\R5T.NG0010\R5T.NG0010.csproj", "{0AEFA037-9C4A-42BF-9780-15F327BB3D5D}"
EndProject
Project("{9A19103F-16F7-4668-BE54-9A1E7A4F7556}") = "R5T.NG0022", "..\..\R5T.NG0022\source\R5T.NG0022\R5T.NG0022.csproj", "{D7CB0A7A-03AA-4F86-9207-3142C6C1D86C}"
EndProject
Project("{9A19103F-16F7-4668-BE54-9A1E7A4F7556}") = "R5T.T0131", "..\..\R5T.T0131\source\R5T.T0131\R5T.T0131.csproj", "{A30D5327-7D6B-4F26-9DF9-1BA63D03E2F1}"
EndProject
Project("{9A19103F-16F7-4668-BE54-9A1E7A4F7556}") = "R5T.T0132", "..\..\R5T.T0132\source\R5T.T0132\R5T.T0132.csproj", "{65066D9B-E411-4043-B60A-94C6E4D3D2F9}"
EndProject
Project("{9A19103F-16F7-4668-BE54-9A1E7A4F7556}") = "R5T.T0142", "..\..\R5T.T0142\source\R5T.T0142\R5T.T0142.csproj", "{429EC140-46A4-4B70-B5B4-BEF5D8848771}"
EndProject
Project("{9A19103F-16F7-4668-BE54-9A1E7A4F7556}") = "R5T.T0143", "..\..\R5T.T0143\source\R5T.T0143\R5T.T0143.csproj", "{74208460-F6EE-45E0-BB21-43314D4D3461}"
EndProject
Project("{9A19103F-16F7-4668-BE54-9A1E7A4F7556}") = "R5T.T0150", "..\..\R5T.T0150\source\R5T.T0150\R5T.T0150.csproj", "{70C82BFE-C292-4B24-9013-4B1F73FE7543}"
EndProject
Project("{9A19103F-16F7-4668-BE54-9A1E7A4F7556}") = "R5T.T0151", "..\..\R5T.T0151\source\R5T.T0151\R5T.T0151.csproj", "{48AB12E3-E6FC-409F-B9B2-21AB6B0E4240}"
EndProject
Project("{9A19103F-16F7-4668-BE54-9A1E7A4F7556}") = "R5T.T0156", "..\..\R5T.T0156\source\R5T.T0156\R5T.T0156.csproj", "{EBDE5EF3-EF8B-4DDE-816B-EB018E6D6925}"
EndProject
Project("{9A19103F-16F7-4668-BE54-9A1E7A4F7556}") = "R5T.T0161", "..\..\R5T.T0161\source\R5T.T0161\R5T.T0161.csproj", "{56AC20C5-211C-4840-8B55-F303DCFB700F}"
EndProject
Project("{9A19103F-16F7-4668-BE54-9A1E7A4F7556}") = "R5T.T0162", "..\..\R5T.T0162\source\R5T.T0162\R5T.T0162.csproj", "{C3E72D7D-BE01-42A6-9199-0F69A4D86C7F}"
EndProject
Project("{9A19103F-16F7-4668-BE54-9A1E7A4F7556}") = "R5T.T0169", "..\..\R5T.T0169\source\R5T.T0169\R5T.T0169.csproj", "{9752AC9E-2BB9-487F-A1D2-A01DD3925E66}"
EndProject
Project("{9A19103F-16F7-4668-BE54-9A1E7A4F7556}") = "R5T.T0170", "..\..\R5T.T0170\source\R5T.T0170\R5T.T0170.csproj", "{C1FB0128-C5B8-46A2-9903-E22C7C65684C}"
EndProject
Project("{9A19103F-16F7-4668-BE54-9A1E7A4F7556}") = "R5T.T0171", "..\..\R5T.T0171\source\R5T.T0171\R5T.T0171.csproj", "{00C2911D-3BD8-4BC7-9916-6ED25997C743}"
EndProject
Project("{9A19103F-16F7-4668-BE54-9A1E7A4F7556}") = "R5T.T0172", "..\..\R5T.T0172\source\R5T.T0172\R5T.T0172.csproj", "{06AB1ED6-1E3C-4910-BC40-2624B61A39EB}"
EndProject
Project("{9A19103F-16F7-4668-BE54-9A1E7A4F7556}") = "R5T.T0173", "..\..\R5T.T0173\source\R5T.T0173\R5T.T0173.csproj", "{F0C164ED-3FEC-4471-B4D8-45BC1BC15949}"
EndProject
Project("{9A19103F-16F7-4668-BE54-9A1E7A4F7556}") = "R5T.T0174", "..\..\R5T.T0174\source\R5T.T0174\R5T.T0174.csproj", "{AA6856BD-2DCE-4855-91E2-1C7C6BEBDA0B}"
EndProject
Project("{9A19103F-16F7-4668-BE54-9A1E7A4F7556}") = "R5T.T0176", "..\..\R5T.T0176\source\R5T.T0176\R5T.T0176.csproj", "{336BF804-5423-4522-9374-7268CA448689}"
EndProject
Project("{9A19103F-16F7-4668-BE54-9A1E7A4F7556}") = "R5T.T0177", "..\..\R5T.T0177\source\R5T.T0177\R5T.T0177.csproj", "{AC26EA11-25C9-48BA-A8ED-F6540B256326}"
EndProject
Project("{9A19103F-16F7-4668-BE54-9A1E7A4F7556}") = "R5T.T0178", "..\..\R5T.T0178\source\R5T.T0178\R5T.T0178.csproj", "{4C7127FC-8563-41EF-96A4-BF486919575F}"
EndProject
Project("{9A19103F-16F7-4668-BE54-9A1E7A4F7556}") = "R5T.T0179", "..\..\R5T.T0179\source\R5T.T0179\R5T.T0179.csproj", "{7F9318E2-FD94-40C6-829E-6AADBE94EA39}"
EndProject
Project("{9A19103F-16F7-4668-BE54-9A1E7A4F7556}") = "R5T.T0180", "..\..\R5T.T0180\source\R5T.T0180\R5T.T0180.csproj", "{0EB30701-1A4C-43ED-A3A4-071784502C2A}"
EndProject
Project("{9A19103F-16F7-4668-BE54-9A1E7A4F7556}") = "R5T.T0181", "..\..\R5T.T0181\source\R5T.T0181\R5T.T0181.csproj", "{D548626A-7AA8-4AB3-86E2-A4D195D874FF}"
EndProject
Project("{9A19103F-16F7-4668-BE54-9A1E7A4F7556}") = "R5T.T0185", "..\..\R5T.T0185\source\R5T.T0185\R5T.T0185.csproj", "{631DFE66-F299-4D7F-9EEF-B1A095660BEE}"
EndProject
Project("{9A19103F-16F7-4668-BE54-9A1E7A4F7556}") = "R5T.T0199", "..\..\R5T.T0199\source\R5T.T0199\R5T.T0199.csproj", "{6BF36AEF-E96E-4648-9782-5F026C6D7257}"
EndProject
Project("{9A19103F-16F7-4668-BE54-9A1E7A4F7556}") = "R5T.T0203", "..\..\R5T.T0203\source\R5T.T0203\R5T.T0203.csproj", "{DA16EA6A-5131-4550-95DF-D484EC06D8E4}"
EndProject
Project("{9A19103F-16F7-4668-BE54-9A1E7A4F7556}") = "R5T.T0220", "..\..\R5T.T0220\source\R5T.T0220\R5T.T0220.csproj", "{D59A52EC-BFF3-4A77-8B3E-20CCFCAC58FE}"
EndProject
Project("{9A19103F-16F7-4668-BE54-9A1E7A4F7556}") = "R5T.T0221", "..\..\R5T.T0221\source\R5T.T0221\R5T.T0221.csproj", "{CFD8A924-2B5F-4067-BA23-3855DEFC3234}"
EndProject
Project("{9A19103F-16F7-4668-BE54-9A1E7A4F7556}") = "R5T.Y0000", "..\..\R5T.Y0000\source\R5T.Y0000\R5T.Y0000.csproj", "{4B9BF8E5-542B-4CDB-8E3C-C8EEAEE3009F}"
EndProject
Project("{9A19103F-16F7-4668-BE54-9A1E7A4F7556}") = "R5T.Z0000", "..\..\R5T.Z0000\source\R5T.Z0000\R5T.Z0000.csproj", "{D5AE8B7D-064E-4806-A8DA-64A5410EC9B0}"
EndProject
Project("{9A19103F-16F7-4668-BE54-9A1E7A4F7556}") = "R5T.Z0037", "..\..\R5T.Z0037\source\R5T.Z0037\R5T.Z0037.csproj", "{7E181236-706D-4B26-96C2-3AD3326DA7A8}"
EndProject
Project("{9A19103F-16F7-4668-BE54-9A1E7A4F7556}") = "R5T.F0033", "..\..\R5T.F0033\source\R5T.F0033\R5T.F0033.csproj", "{0378F080-B163-45F2-992F-7DD2B09A90A4}"
EndProject
Project("{9A19103F-16F7-4668-BE54-9A1E7A4F7556}") = "R5T.Z0015", "..\..\R5T.Z0015\source\R5T.Z0015\R5T.Z0015.csproj", "{377191E1-A01A-4A3E-89AD-FD6A21BC54BD}"
EndProject
Project("{9A19103F-16F7-4668-BE54-9A1E7A4F7556}") = "R5T.F0035.F001", "..\..\R5T.F0035\source\R5T.F0035.F001\R5T.F0035.F001.csproj", "{FAFF97FF-78B5-4869-B89F-6476090E032B}"
EndProject
Project("{9A19103F-16F7-4668-BE54-9A1E7A4F7556}") = "R5T.F0059", "..\..\R5T.F0059\source\R5T.F0059\R5T.F0059.csproj", "{954F1731-1084-407F-B054-E33786C9F8E1}"
EndProject
Project("{9A19103F-16F7-4668-BE54-9A1E7A4F7556}") = "R5T.F0126", "..\..\R5T.F0126\source\R5T.F0126\R5T.F0126.csproj", "{EEF9C0D4-D41F-48DB-91FD-70CDE83E8C19}"
EndProject
Project("{9A19103F-16F7-4668-BE54-9A1E7A4F7556}") = "R5T.L0038", "..\..\R5T.L0038\source\R5T.L0038\R5T.L0038.csproj", "{5C67AC06-B0FF-4972-B3D5-EBC38DE6656E}"
EndProject
Project("{9A19103F-16F7-4668-BE54-9A1E7A4F7556}") = "R5T.NG0002", "..\..\R5T.NG0002\source\R5T.NG0002\R5T.NG0002.csproj", "{03C33D55-18F4-42D0-B09D-C3B2DA21081B}"
EndProject
Project("{9A19103F-16F7-4668-BE54-9A1E7A4F7556}") = "R5T.NG0006", "..\..\R5T.NG0006\source\R5T.NG0006\R5T.NG0006.csproj", "{2DF45B67-CE9E-4BFE-A7B5-14FD800B01CA}"
EndProject
Project("{9A19103F-16F7-4668-BE54-9A1E7A4F7556}") = "R5T.NG0007", "..\..\R5T.NG0007\source\R5T.NG0007\R5T.NG0007.csproj", "{37260DF0-0CE8-46AD-9D06-40385CA2240B}"
EndProject
Project("{9A19103F-16F7-4668-BE54-9A1E7A4F7556}") = "R5T.T0137", "..\..\R5T.T0137\source\R5T.T0137\R5T.T0137.csproj", "{EE154700-ED66-4A55-98D8-B8DD09F839FF}"
EndProject
Project("{9A19103F-16F7-4668-BE54-9A1E7A4F7556}") = "R5T.T0148", "..\..\R5T.T0148\source\R5T.T0148\R5T.T0148.csproj", "{8126DBF8-E005-49B5-BCF2-6DF9E93034C7}"
EndProject
Project("{9A19103F-16F7-4668-BE54-9A1E7A4F7556}") = "R5T.T0158.F000", "..\..\R5T.T0158\source\R5T.T0158.F000\R5T.T0158.F000.csproj", "{C5B08A1E-481A-47D6-B7C5-71EDCE85E031}"
EndProject
Project("{9A19103F-16F7-4668-BE54-9A1E7A4F7556}") = "R5T.T0158.T000", "..\..\R5T.T0158\source\R5T.T0158.T000\R5T.T0158.T000.csproj", "{87BB8F32-A57E-4BA5-A180-B95F6712076C}"
EndProject
Project("{9A19103F-16F7-4668-BE54-9A1E7A4F7556}") = "R5T.T0158", "..\..\R5T.T0158\source\R5T.T0158\R5T.T0158.csproj", "{C6C2DD0C-7470-4AFA-B11A-25A3BB24FD29}"
EndProject
Project("{9A19103F-16F7-4668-BE54-9A1E7A4F7556}") = "R5T.T0159.F000", "..\..\R5T.T0159\source\R5T.T0159.F000\R5T.T0159.F000.csproj", "{24AAF316-1C4D-4646-9610-01CA6A41F141}"
EndProject
Project("{9A19103F-16F7-4668-BE54-9A1E7A4F7556}") = "R5T.T0159", "..\..\R5T.T0159\source\R5T.T0159\R5T.T0159.csproj", "{E25EAD30-85C4-49E8-9EDF-D3FCEFCD63D1}"
EndProject
Project("{9A19103F-16F7-4668-BE54-9A1E7A4F7556}") = "R5T.T0175", "..\..\R5T.T0175\source\R5T.T0175\R5T.T0175.csproj", "{57CE84B0-E509-4707-A125-7B8FEED37FFB}"
EndProject
Project("{9A19103F-16F7-4668-BE54-9A1E7A4F7556}") = "R5T.T0189", "..\..\R5T.T0189\source\R5T.T0189\R5T.T0189.csproj", "{18CC7148-72FE-4C2C-8946-4449E9BA717B}"
EndProject
Project("{9A19103F-16F7-4668-BE54-9A1E7A4F7556}") = "R5T.T0190", "..\..\R5T.T0190\source\R5T.T0190\R5T.T0190.csproj", "{8796C490-5DF8-483A-9B3A-445A45229C81}"
EndProject
Project("{9A19103F-16F7-4668-BE54-9A1E7A4F7556}") = "R5T.T0191", "..\..\R5T.T0191\source\R5T.T0191\R5T.T0191.csproj", "{8D438017-0B60-4F6B-8D79-277332215615}"
EndProject
Project("{9A19103F-16F7-4668-BE54-9A1E7A4F7556}") = "R5T.T0192", "..\..\R5T.T0192\source\R5T.T0192\R5T.T0192.csproj", "{CD49741D-FA81-441A-BADC-A0072C92FCDE}"
EndProject
Project("{9A19103F-16F7-4668-BE54-9A1E7A4F7556}") = "R5T.F0016.F001", "..\..\R5T.F0016\source\R5T.F0016.F001\R5T.F0016.F001.csproj", "{7D2C71B2-0A5F-4948-8468-B1183DA92ED3}"
EndProject
Project("{9A19103F-16F7-4668-BE54-9A1E7A4F7556}") = "R5T.F0016", "..\..\R5T.F0016\source\R5T.F0016\R5T.F0016.csproj", "{C741903F-0414-4205-B3B6-7B31E4A07280}"
EndProject
Project("{9A19103F-16F7-4668-BE54-9A1E7A4F7556}") = "R5T.F0019", "..\..\R5T.F0019\source\R5T.F0019\R5T.F0019.csproj", "{93472705-0792-4B5D-ADEE-94091A782885}"
EndProject
Project("{9A19103F-16F7-4668-BE54-9A1E7A4F7556}") = "R5T.F0020", "..\..\R5T.F0020\source\R5T.F0020\R5T.F0020.csproj", "{EE076C0D-5D44-46D2-B12C-FF81C0EDAC1C}"
EndProject
Project("{9A19103F-16F7-4668-BE54-9A1E7A4F7556}") = "R5T.F0040.F000", "..\..\R5T.F0040\source\R5T.F0040.F000\R5T.F0040.F000.csproj", "{0E6A2AE2-6466-406A-85FB-B3BCD5B33986}"
EndProject
Project("{9A19103F-16F7-4668-BE54-9A1E7A4F7556}") = "R5T.F0040", "..\..\R5T.F0040\source\R5T.F0040\R5T.F0040.csproj", "{1EB30FC4-AC04-4E48-9275-0C5461164219}"
EndProject
Project("{9A19103F-16F7-4668-BE54-9A1E7A4F7556}") = "R5T.F0041", "..\..\R5T.F0041\source\R5T.F0041\R5T.F0041.csproj", "{B40FF228-D8CE-4D93-B7D0-9C43FED33F88}"
EndProject
Project("{9A19103F-16F7-4668-BE54-9A1E7A4F7556}") = "R5T.F0044", "..\..\R5T.F0044\source\R5T.F0044\R5T.F0044.csproj", "{BD001C85-D090-4DF8-BFAC-4511882FF1CB}"
EndProject
Project("{9A19103F-16F7-4668-BE54-9A1E7A4F7556}") = "R5T.F0046", "..\..\R5T.F0046\source\R5T.F0046\R5T.F0046.csproj", "{AD3CF1A4-B586-4E3F-AFFB-7F541D19889C}"
EndProject
Project("{9A19103F-16F7-4668-BE54-9A1E7A4F7556}") = "R5T.F0047", "..\..\R5T.F0047\source\R5T.F0047\R5T.F0047.csproj", "{065430C1-C174-4F55-AF61-6F5389C9A24F}"
EndProject
Project("{9A19103F-16F7-4668-BE54-9A1E7A4F7556}") = "R5T.F0057", "..\..\R5T.F0057\source\R5T.F0057\R5T.F0057.csproj", "{BE563D68-4482-44E2-B9DF-03AD2DC8EB47}"
EndProject
Project("{9A19103F-16F7-4668-BE54-9A1E7A4F7556}") = "R5T.F0129", "..\..\R5T.F0129\source\R5T.F0129\R5T.F0129.csproj", "{1F8F8DBF-7900-415A-8138-6B90399BFB06}"
EndProject
Project("{9A19103F-16F7-4668-BE54-9A1E7A4F7556}") = "R5T.F0130", "..\..\R5T.F0130\source\R5T.F0130\R5T.F0130.csproj", "{AE7415CD-4614-4A78-A222-663B974348C4}"
EndProject
Project("{9A19103F-16F7-4668-BE54-9A1E7A4F7556}") = "R5T.L0001.Y000", "..\..\R5T.L0001\source\R5T.L0001.Y000\R5T.L0001.Y000.csproj", "{D0C1E6B4-D9B3-4D17-811C-780DB1117623}"
EndProject
Project("{9A19103F-16F7-4668-BE54-9A1E7A4F7556}") = "R5T.L0001.Z000", "..\..\R5T.L0001\source\R5T.L0001.Z000\R5T.L0001.Z000.csproj", "{4EE1855E-23D2-4A67-BA15-279B3E66505C}"
EndProject
Project("{9A19103F-16F7-4668-BE54-9A1E7A4F7556}") = "R5T.L0001", "..\..\R5T.L0001\source\R5T.L0001\R5T.L0001.csproj", "{73E437B5-F4E4-4A19-8CEC-3B827EADA1AC}"
EndProject
Project("{9A19103F-16F7-4668-BE54-9A1E7A4F7556}") = "R5T.L0031.T000", "..\..\R5T.L0031\source\R5T.L0031.T000\R5T.L0031.T000.csproj", "{F6B56CA5-C206-420B-B02A-CBB3A5AF899F}"
EndProject
Project("{9A19103F-16F7-4668-BE54-9A1E7A4F7556}") = "R5T.L0031", "..\..\R5T.L0031\source\R5T.L0031\R5T.L0031.csproj", "{88400CAE-7F78-4531-829D-BEA3BB601480}"
EndProject
Project("{9A19103F-16F7-4668-BE54-9A1E7A4F7556}") = "R5T.L0032.F000", "..\..\R5T.L0032\source\R5T.L0032.F000\R5T.L0032.F000.csproj", "{1AFAFB24-DC21-40EF-8CD3-01359BA33A42}"
EndProject
Project("{9A19103F-16F7-4668-BE54-9A1E7A4F7556}") = "R5T.L0032.T000", "..\..\R5T.L0032\source\R5T.L0032.T000\R5T.L0032.T000.csproj", "{DBD4ECD2-84F6-4000-A3BE-4A6CDB521CE8}"
EndProject
Project("{9A19103F-16F7-4668-BE54-9A1E7A4F7556}") = "R5T.L0032.Z000", "..\..\R5T.L0032\source\R5T.L0032.Z000\R5T.L0032.Z000.csproj", "{FE62E888-EFB7-4FE2-BAEE-D7F11EEC4CC3}"
EndProject
Project("{9A19103F-16F7-4668-BE54-9A1E7A4F7556}") = "R5T.L0032", "..\..\R5T.L0032\source\R5T.L0032\R5T.L0032.csproj", "{083E57F6-FD3C-4D64-BE4D-64F2E229190B}"
EndProject
Project("{9A19103F-16F7-4668-BE54-9A1E7A4F7556}") = "R5T.L0033.Z001", "..\..\R5T.L0033\source\R5T.L0033.Z001\R5T.L0033.Z001.csproj", "{5E1A037B-154F-46E3-A8B6-CB255774C06A}"
EndProject
Project("{9A19103F-16F7-4668-BE54-9A1E7A4F7556}") = "R5T.L0036.T000", "..\..\R5T.L0036\source\R5T.L0036.T000\R5T.L0036.T000.csproj", "{35F9529D-40BB-418A-B301-1DFCDB2DF64E}"
EndProject
Project("{9A19103F-16F7-4668-BE54-9A1E7A4F7556}") = "R5T.L0036", "..\..\R5T.L0036\source\R5T.L0036\R5T.L0036.csproj", "{BC5F2D24-B0BD-427E-A2DE-BF5B75C944EC}"
EndProject
Project("{9A19103F-16F7-4668-BE54-9A1E7A4F7556}") = "R5T.NG0005", "..\..\R5T.NG0005\source\R5T.NG0005\R5T.NG0005.csproj", "{3F7A0010-B4FE-4622-8693-D77926998A45}"
EndProject
Project("{9A19103F-16F7-4668-BE54-9A1E7A4F7556}") = "R5T.O0006", "..\..\R5T.O0006\source\R5T.O0006\R5T.O0006.csproj", "{9FB8A07E-64CC-43B2-B79D-59775E193859}"
EndProject
Project("{9A19103F-16F7-4668-BE54-9A1E7A4F7556}") = "R5T.O0017", "..\..\R5T.O0017\source\R5T.O0017\R5T.O0017.csproj", "{1345CEB9-42E8-4FF6-8708-15FDCE395895}"
EndProject
Project("{9A19103F-16F7-4668-BE54-9A1E7A4F7556}") = "R5T.O0023", "..\..\R5T.O0023\source\R5T.O0023\R5T.O0023.csproj", "{B7896611-6704-4768-9FBE-3CE43D984632}"
EndProject
Project("{9A19103F-16F7-4668-BE54-9A1E7A4F7556}") = "R5T.O0025.O000", "..\..\R5T.O0025\source\R5T.O0025.O000\R5T.O0025.O000.csproj", "{A502BD7E-06EB-4279-8A41-875DA19F28B2}"
EndProject
Project("{9A19103F-16F7-4668-BE54-9A1E7A4F7556}") = "R5T.O0025.O001", "..\..\R5T.O0025\source\R5T.O0025.O001\R5T.O0025.O001.csproj", "{994FCD1C-B613-40D1-936E-2A95733238DB}"
EndProject
Project("{9A19103F-16F7-4668-BE54-9A1E7A4F7556}") = "R5T.O0025.O002", "..\..\R5T.O0025\source\R5T.O0025.O002\R5T.O0025.O002.csproj", "{7D09581D-0491-43A0-9C6B-A143A98AE51C}"
EndProject
Project("{9A19103F-16F7-4668-BE54-9A1E7A4F7556}") = "R5T.O0025.O003", "..\..\R5T.O0025\source\R5T.O0025.O003\R5T.O0025.O003.csproj", "{2330ED6D-4B86-4BFA-8F1D-C50A60CA3FA5}"
EndProject
Project("{9A19103F-16F7-4668-BE54-9A1E7A4F7556}") = "R5T.O0025", "..\..\R5T.O0025\source\R5T.O0025\R5T.O0025.csproj", "{2482D1B2-2300-4541-97E6-64921DC0A565}"
EndProject
Project("{9A19103F-16F7-4668-BE54-9A1E7A4F7556}") = "R5T.O0026.O001", "..\..\R5T.O0026\source\R5T.O0026.O001\R5T.O0026.O001.csproj", "{FDF3C153-C384-47D6-A8E3-C4608D63AE9F}"
EndProject
Project("{9A19103F-16F7-4668-BE54-9A1E7A4F7556}") = "R5T.O0026.O002", "..\..\R5T.O0026\source\R5T.O0026.O002\R5T.O0026.O002.csproj", "{A12E5700-7C45-452B-AAAD-D3B503144A56}"
EndProject
Project("{9A19103F-16F7-4668-BE54-9A1E7A4F7556}") = "R5T.O0026.O003", "..\..\R5T.O0026\source\R5T.O0026.O003\R5T.O0026.O003.csproj", "{86E4B6B9-61A8-4AE2-95A4-518E97BA426F}"
EndProject
Project("{9A19103F-16F7-4668-BE54-9A1E7A4F7556}") = "R5T.O0026", "..\..\R5T.O0026\source\R5T.O0026\R5T.O0026.csproj", "{A4871DAE-7790-4EE8-B91E-EEE9ABEB2C85}"
EndProject
Project("{9A19103F-16F7-4668-BE54-9A1E7A4F7556}") = "R5T.O0027", "..\..\R5T.O0027\source\R5T.O0027\R5T.O0027.csproj", "{D21BD660-76DA-42FA-B40F-68F216E5B2E0}"
EndProject
Project("{9A19103F-16F7-4668-BE54-9A1E7A4F7556}") = "R5T.T0046", "..\..\R5T.T0046\source\R5T.T0046\R5T.T0046.csproj", "{1873027B-EBAD-4BE0-817B-B6664FDD543C}"
EndProject
Project("{9A19103F-16F7-4668-BE54-9A1E7A4F7556}") = "R5T.T0144", "..\..\R5T.T0144\source\R5T.T0144\R5T.T0144.csproj", "{4C6AED04-719A-4186-9934-47FB4B29C271}"
EndProject
Project("{9A19103F-16F7-4668-BE54-9A1E7A4F7556}") = "R5T.T0152", "..\..\R5T.T0152\source\R5T.T0152\R5T.T0152.csproj", "{02491E24-D69A-4647-BDF8-4099D8C89AD5}"
EndProject
Project("{9A19103F-16F7-4668-BE54-9A1E7A4F7556}") = "R5T.T0184", "..\..\R5T.T0184\source\R5T.T0184\R5T.T0184.csproj", "{5023D1B0-9029-4A64-8389-3E74D140E700}"
EndProject
Project("{9A19103F-16F7-4668-BE54-9A1E7A4F7556}") = "R5T.T0186", "..\..\R5T.T0186\source\R5T.T0186\R5T.T0186.csproj", "{65BBC2A3-1895-415C-BC07-6EE8F3DC8665}"
EndProject
Project("{9A19103F-16F7-4668-BE54-9A1E7A4F7556}") = "R5T.T0187", "..\..\R5T.T0187\source\R5T.T0187\R5T.T0187.csproj", "{E2ABA0F4-3E4D-4DCD-8FFB-C313D3A9BD99}"
EndProject
Project("{9A19103F-16F7-4668-BE54-9A1E7A4F7556}") = "R5T.T0198", "..\..\R5T.T0198\source\R5T.T0198\R5T.T0198.csproj", "{5589B8EB-E57C-4EF2-B66A-F5FA03D9EFFD}"
EndProject
Project("{9A19103F-16F7-4668-BE54-9A1E7A4F7556}") = "R5T.T0200", "..\..\R5T.T0200\source\R5T.T0200\R5T.T0200.csproj", "{351D9577-8B1D-47D3-8A50-26C7DA59CBCA}"
EndProject
Project("{9A19103F-16F7-4668-BE54-9A1E7A4F7556}") = "R5T.T0202", "..\..\R5T.T0202\source\R5T.T0202\R5T.T0202.csproj", "{CFCEC3BB-D166-4E01-8C5E-0F66E748D65A}"
EndProject
Project("{9A19103F-16F7-4668-BE54-9A1E7A4F7556}") = "R5T.T0205", "..\..\R5T.T0205\source\R5T.T0205\R5T.T0205.csproj", "{74126054-4360-45E6-A7B4-E1A3EF9F24B0}"
EndProject
Project("{9A19103F-16F7-4668-BE54-9A1E7A4F7556}") = "R5T.T0206", "..\..\R5T.T0206\source\R5T.T0206\R5T.T0206.csproj", "{33CE034B-8C78-4273-B3CD-6E7CE319CBB0}"
EndProject
Project("{9A19103F-16F7-4668-BE54-9A1E7A4F7556}") = "R5T.T0208", "..\..\R5T.T0208\source\R5T.T0208\R5T.T0208.csproj", "{91C683EE-5FD7-4ABE-95DE-1B12451FB13C}"
EndProject
Project("{9A19103F-16F7-4668-BE54-9A1E7A4F7556}") = "R5T.T0209", "..\..\R5T.T0209\source\R5T.T0209\R5T.T0209.csproj", "{C7434B6F-7B30-48D3-A0F2-F0531846484E}"
EndProject
Project("{9A19103F-16F7-4668-BE54-9A1E7A4F7556}") = "R5T.T0210", "..\..\R5T.T0210\source\R5T.T0210\R5T.T0210.csproj", "{6E6C7752-1366-4925-B762-2E008CAF64F6}"
EndProject
Project("{9A19103F-16F7-4668-BE54-9A1E7A4F7556}") = "R5T.T0211.F000", "..\..\R5T.T0211\source\R5T.T0211.F000\R5T.T0211.F000.csproj", "{487BC8CA-BE21-46E9-A84F-9FEC9FCFA25C}"
EndProject
Project("{9A19103F-16F7-4668-BE54-9A1E7A4F7556}") = "R5T.T0211.Z000", "..\..\R5T.T0211\source\R5T.T0211.Z000\R5T.T0211.Z000.csproj", "{62CD98E3-F808-47B6-BB3A-59F1628131D5}"
EndProject
Project("{9A19103F-16F7-4668-BE54-9A1E7A4F7556}") = "R5T.T0211", "..\..\R5T.T0211\source\R5T.T0211\R5T.T0211.csproj", "{376314BC-0C2F-4AA0-9C58-E97322E3DA71}"
EndProject
Project("{9A19103F-16F7-4668-BE54-9A1E7A4F7556}") = "R5T.T0212.F000", "..\..\R5T.T0212\source\R5T.T0212.F000\R5T.T0212.F000.csproj", "{625154FE-A5FD-44C4-88F8-94C8D6B75D48}"
EndProject
Project("{9A19103F-16F7-4668-BE54-9A1E7A4F7556}") = "R5T.T0212.Z000", "..\..\R5T.T0212\source\R5T.T0212.Z000\R5T.T0212.Z000.csproj", "{04E392C1-A6D6-42E8-AD84-C90BE7705099}"
EndProject
Project("{9A19103F-16F7-4668-BE54-9A1E7A4F7556}") = "R5T.T0212", "..\..\R5T.T0212\source\R5T.T0212\R5T.T0212.csproj", "{06D391EB-A7BF-455E-A94F-85516FE482C9}"
EndProject
Project("{9A19103F-16F7-4668-BE54-9A1E7A4F7556}") = "R5T.T0213", "..\..\R5T.T0213\source\R5T.T0213\R5T.T0213.csproj", "{CFE2D3EC-7A2D-43F8-A179-06DB690B39FE}"
EndProject
Project("{9A19103F-16F7-4668-BE54-9A1E7A4F7556}") = "R5T.T0218", "..\..\R5T.T0218\source\R5T.T0218\R5T.T0218.csproj", "{E248A07C-3C6B-4AD6-8E25-A8120E58158F}"
EndProject
Project("{9A19103F-16F7-4668-BE54-9A1E7A4F7556}") = "R5T.Y0004", "..\..\R5T.Y0004\source\R5T.Y0004\R5T.Y0004.csproj", "{3B79F8E4-D650-4BD0-8F7B-1364616A8F38}"
EndProject
Project("{9A19103F-16F7-4668-BE54-9A1E7A4F7556}") = "R5T.Z0005", "..\..\R5T.Z0005\source\R5T.Z0005\R5T.Z0005.csproj", "{44D77EFB-F30C-4ADC-884B-8C2CD6A673C5}"
EndProject
Project("{9A19103F-16F7-4668-BE54-9A1E7A4F7556}") = "R5T.Z0012", "..\..\R5T.Z0012\source\R5T.Z0012\R5T.Z0012.csproj", "{1F547A1C-49AD-4519-A84D-535BF02CF7D4}"
EndProject
Project("{9A19103F-16F7-4668-BE54-9A1E7A4F7556}") = "R5T.Z0013", "..\..\R5T.Z0013\source\R5T.Z0013\R5T.Z0013.csproj", "{B4F36EDE-6571-4055-97BC-16196689FE30}"
EndProject
Project("{9A19103F-16F7-4668-BE54-9A1E7A4F7556}") = "R5T.Z0044.Z001", "..\..\R5T.Z0044\source\R5T.Z0044.Z001\R5T.Z0044.Z001.csproj", "{9B762731-340B-42A8-BCF0-BE51655414F5}"
EndProject
Project("{9A19103F-16F7-4668-BE54-9A1E7A4F7556}") = "R5T.Z0048", "..\..\R5T.Z0048\source\R5T.Z0048\R5T.Z0048.csproj", "{E77F4AFE-341E-4B7C-AB5D-B75789417CC8}"
EndProject
Project("{9A19103F-16F7-4668-BE54-9A1E7A4F7556}") = "R5T.Z0057", "..\..\R5T.Z0057\source\R5T.Z0057\R5T.Z0057.csproj", "{3259B498-8393-4872-A0B0-E205CCD98677}"
EndProject
Project("{9A19103F-16F7-4668-BE54-9A1E7A4F7556}") = "R5T.F0026", "..\..\R5T.F0026\source\R5T.F0026\R5T.F0026.csproj", "{8298939F-9F78-4B57-97F5-D7D3FB03056D}"
EndProject
Project("{9A19103F-16F7-4668-BE54-9A1E7A4F7556}") = "R5T.F0027", "..\..\R5T.F0027\source\R5T.F0027\R5T.F0027.csproj", "{3C96B907-D72C-4A34-922F-0E9FB8BDCA9A}"
EndProject
Project("{9A19103F-16F7-4668-BE54-9A1E7A4F7556}") = "R5T.F0052", "..\..\R5T.F0052\source\R5T.F0052\R5T.F0052.csproj", "{BA03E541-8EFE-48BE-9B89-EAE4DB05C3B3}"
EndProject
Project("{9A19103F-16F7-4668-BE54-9A1E7A4F7556}") = "R5T.F0053", "..\..\R5T.F0053\source\R5T.F0053\R5T.F0053.csproj", "{1BBFA16F-E704-4B96-B74C-0DC8C116745B}"
EndProject
Project("{9A19103F-16F7-4668-BE54-9A1E7A4F7556}") = "R5T.F0054", "..\..\R5T.F0054\source\R5T.F0054\R5T.F0054.csproj", "{129F571B-2FBE-4AE5-858B-D4B5A2ED46C2}"
EndProject
Project("{9A19103F-16F7-4668-BE54-9A1E7A4F7556}") = "R5T.F0076", "..\..\R5T.F0076\source\R5T.F0076\R5T.F0076.csproj", "{A2D1212A-3B8A-495D-9442-CD6F06B55F86}"
EndProject
Project("{9A19103F-16F7-4668-BE54-9A1E7A4F7556}") = "R5T.F0077", "..\..\R5T.F0077\source\R5T.F0077\R5T.F0077.csproj", "{B3D5D5E3-DE06-496A-881A-6C9430AD601A}"
EndProject
Project("{9A19103F-16F7-4668-BE54-9A1E7A4F7556}") = "R5T.F0112", "..\..\R5T.F0112\source\R5T.F0112\R5T.F0112.csproj", "{12456A24-A557-46A5-A31E-E13990E932CF}"
EndProject
Project("{9A19103F-16F7-4668-BE54-9A1E7A4F7556}") = "R5T.F0115", "..\..\R5T.F0115\source\R5T.F0115\R5T.F0115.csproj", "{DDFD6091-1900-4B8D-9BBC-33348AD72DCB}"
EndProject
Project("{9A19103F-16F7-4668-BE54-9A1E7A4F7556}") = "R5T.Z0010", "..\..\R5T.Z0010\source\R5T.Z0010\R5T.Z0010.csproj", "{22BDFA87-B7AF-4A6C-9F80-5BEEABEFCE20}"
EndProject
Project("{9A19103F-16F7-4668-BE54-9A1E7A4F7556}") = "R5T.Z0011", "..\..\R5T.Z0011\source\R5T.Z0011\R5T.Z0011.csproj", "{4A615603-85E6-482E-ABCD-A23E52E00637}"
EndProject
Global
	GlobalSection(NestedProjects) = preSolution
		{D0C09792-B06E-4FA8-8ABD-11AD4EBB56F3} = {61658AB5-FFDB-45CE-9AC5-05C29F84C7CB}
		{09B24C75-0FF0-4726-B791-741185970CDC} = {61658AB5-FFDB-45CE-9AC5-05C29F84C7CB}
		{9BE99798-EDDC-436C-A920-E22C419241EB} = {61658AB5-FFDB-45CE-9AC5-05C29F84C7CB}
		{B0539DB8-BD03-45B9-A963-F24C9F7F4F85} = {61658AB5-FFDB-45CE-9AC5-05C29F84C7CB}
		{AE5AC5AE-40AB-44BF-A4FB-17FC5B36FD51} = {61658AB5-FFDB-45CE-9AC5-05C29F84C7CB}
		{229BE22F-DBA1-4600-99C8-6162BF42C30D} = {61658AB5-FFDB-45CE-9AC5-05C29F84C7CB}
		{4EBBBD99-B4B9-4B01-9115-CA0336C73789} = {61658AB5-FFDB-45CE-9AC5-05C29F84C7CB}
		{363A1DC4-ACC1-4BDB-B7E3-0EBCFB3B3894} = {61658AB5-FFDB-45CE-9AC5-05C29F84C7CB}
		{75AA7EB2-93A7-4A03-8824-57BF8B9C601D} = {61658AB5-FFDB-45CE-9AC5-05C29F84C7CB}
		{287C2CA9-7494-44C4-A9AC-81AEFB96A1ED} = {61658AB5-FFDB-45CE-9AC5-05C29F84C7CB}
		{BEA0A5F0-9FC5-412C-8A14-8AC08795291B} = {61658AB5-FFDB-45CE-9AC5-05C29F84C7CB}
		{C365A374-EBBC-4B94-87C8-01446568B0CB} = {61658AB5-FFDB-45CE-9AC5-05C29F84C7CB}
		{068506D2-D64A-4155-A96E-752B659D996E} = {61658AB5-FFDB-45CE-9AC5-05C29F84C7CB}
		{E2B12077-570D-4867-9562-719459B335E8} = {61658AB5-FFDB-45CE-9AC5-05C29F84C7CB}
		{B849C173-E31A-4795-B38C-3ED3705033C9} = {61658AB5-FFDB-45CE-9AC5-05C29F84C7CB}
		{E55E7B0D-EC57-48C3-9322-D4F3D5A00A23} = {61658AB5-FFDB-45CE-9AC5-05C29F84C7CB}
		{CBCA6A1F-7ECF-4ECC-92C7-697BAA3D4EE2} = {61658AB5-FFDB-45CE-9AC5-05C29F84C7CB}
		{37B614D1-B78A-4C2D-84A6-181649BB598C} = {61658AB5-FFDB-45CE-9AC5-05C29F84C7CB}
		{0AEFA037-9C4A-42BF-9780-15F327BB3D5D} = {61658AB5-FFDB-45CE-9AC5-05C29F84C7CB}
		{D7CB0A7A-03AA-4F86-9207-3142C6C1D86C} = {61658AB5-FFDB-45CE-9AC5-05C29F84C7CB}
		{A30D5327-7D6B-4F26-9DF9-1BA63D03E2F1} = {61658AB5-FFDB-45CE-9AC5-05C29F84C7CB}
		{65066D9B-E411-4043-B60A-94C6E4D3D2F9} = {61658AB5-FFDB-45CE-9AC5-05C29F84C7CB}
		{429EC140-46A4-4B70-B5B4-BEF5D8848771} = {61658AB5-FFDB-45CE-9AC5-05C29F84C7CB}
		{74208460-F6EE-45E0-BB21-43314D4D3461} = {61658AB5-FFDB-45CE-9AC5-05C29F84C7CB}
		{70C82BFE-C292-4B24-9013-4B1F73FE7543} = {61658AB5-FFDB-45CE-9AC5-05C29F84C7CB}
		{48AB12E3-E6FC-409F-B9B2-21AB6B0E4240} = {61658AB5-FFDB-45CE-9AC5-05C29F84C7CB}
		{EBDE5EF3-EF8B-4DDE-816B-EB018E6D6925} = {61658AB5-FFDB-45CE-9AC5-05C29F84C7CB}
		{56AC20C5-211C-4840-8B55-F303DCFB700F} = {61658AB5-FFDB-45CE-9AC5-05C29F84C7CB}
		{C3E72D7D-BE01-42A6-9199-0F69A4D86C7F} = {61658AB5-FFDB-45CE-9AC5-05C29F84C7CB}
		{9752AC9E-2BB9-487F-A1D2-A01DD3925E66} = {61658AB5-FFDB-45CE-9AC5-05C29F84C7CB}
		{C1FB0128-C5B8-46A2-9903-E22C7C65684C} = {61658AB5-FFDB-45CE-9AC5-05C29F84C7CB}
		{00C2911D-3BD8-4BC7-9916-6ED25997C743} = {61658AB5-FFDB-45CE-9AC5-05C29F84C7CB}
		{06AB1ED6-1E3C-4910-BC40-2624B61A39EB} = {61658AB5-FFDB-45CE-9AC5-05C29F84C7CB}
		{F0C164ED-3FEC-4471-B4D8-45BC1BC15949} = {61658AB5-FFDB-45CE-9AC5-05C29F84C7CB}
		{AA6856BD-2DCE-4855-91E2-1C7C6BEBDA0B} = {61658AB5-FFDB-45CE-9AC5-05C29F84C7CB}
		{336BF804-5423-4522-9374-7268CA448689} = {61658AB5-FFDB-45CE-9AC5-05C29F84C7CB}
		{AC26EA11-25C9-48BA-A8ED-F6540B256326} = {61658AB5-FFDB-45CE-9AC5-05C29F84C7CB}
		{4C7127FC-8563-41EF-96A4-BF486919575F} = {61658AB5-FFDB-45CE-9AC5-05C29F84C7CB}
		{7F9318E2-FD94-40C6-829E-6AADBE94EA39} = {61658AB5-FFDB-45CE-9AC5-05C29F84C7CB}
		{0EB30701-1A4C-43ED-A3A4-071784502C2A} = {61658AB5-FFDB-45CE-9AC5-05C29F84C7CB}
		{D548626A-7AA8-4AB3-86E2-A4D195D874FF} = {61658AB5-FFDB-45CE-9AC5-05C29F84C7CB}
		{631DFE66-F299-4D7F-9EEF-B1A095660BEE} = {61658AB5-FFDB-45CE-9AC5-05C29F84C7CB}
		{6BF36AEF-E96E-4648-9782-5F026C6D7257} = {61658AB5-FFDB-45CE-9AC5-05C29F84C7CB}
		{DA16EA6A-5131-4550-95DF-D484EC06D8E4} = {61658AB5-FFDB-45CE-9AC5-05C29F84C7CB}
		{D59A52EC-BFF3-4A77-8B3E-20CCFCAC58FE} = {61658AB5-FFDB-45CE-9AC5-05C29F84C7CB}
		{CFD8A924-2B5F-4067-BA23-3855DEFC3234} = {61658AB5-FFDB-45CE-9AC5-05C29F84C7CB}
		{4B9BF8E5-542B-4CDB-8E3C-C8EEAEE3009F} = {61658AB5-FFDB-45CE-9AC5-05C29F84C7CB}
		{D5AE8B7D-064E-4806-A8DA-64A5410EC9B0} = {61658AB5-FFDB-45CE-9AC5-05C29F84C7CB}
		{7E181236-706D-4B26-96C2-3AD3326DA7A8} = {61658AB5-FFDB-45CE-9AC5-05C29F84C7CB}
		{0378F080-B163-45F2-992F-7DD2B09A90A4} = {61658AB5-FFDB-45CE-9AC5-05C29F84C7CB}
		{377191E1-A01A-4A3E-89AD-FD6A21BC54BD} = {61658AB5-FFDB-45CE-9AC5-05C29F84C7CB}
		{FAFF97FF-78B5-4869-B89F-6476090E032B} = {61658AB5-FFDB-45CE-9AC5-05C29F84C7CB}
		{954F1731-1084-407F-B054-E33786C9F8E1} = {61658AB5-FFDB-45CE-9AC5-05C29F84C7CB}
		{EEF9C0D4-D41F-48DB-91FD-70CDE83E8C19} = {61658AB5-FFDB-45CE-9AC5-05C29F84C7CB}
		{5C67AC06-B0FF-4972-B3D5-EBC38DE6656E} = {61658AB5-FFDB-45CE-9AC5-05C29F84C7CB}
		{03C33D55-18F4-42D0-B09D-C3B2DA21081B} = {61658AB5-FFDB-45CE-9AC5-05C29F84C7CB}
		{2DF45B67-CE9E-4BFE-A7B5-14FD800B01CA} = {61658AB5-FFDB-45CE-9AC5-05C29F84C7CB}
		{37260DF0-0CE8-46AD-9D06-40385CA2240B} = {61658AB5-FFDB-45CE-9AC5-05C29F84C7CB}
		{EE154700-ED66-4A55-98D8-B8DD09F839FF} = {61658AB5-FFDB-45CE-9AC5-05C29F84C7CB}
		{8126DBF8-E005-49B5-BCF2-6DF9E93034C7} = {61658AB5-FFDB-45CE-9AC5-05C29F84C7CB}
		{C5B08A1E-481A-47D6-B7C5-71EDCE85E031} = {61658AB5-FFDB-45CE-9AC5-05C29F84C7CB}
		{87BB8F32-A57E-4BA5-A180-B95F6712076C} = {61658AB5-FFDB-45CE-9AC5-05C29F84C7CB}
		{C6C2DD0C-7470-4AFA-B11A-25A3BB24FD29} = {61658AB5-FFDB-45CE-9AC5-05C29F84C7CB}
		{24AAF316-1C4D-4646-9610-01CA6A41F141} = {61658AB5-FFDB-45CE-9AC5-05C29F84C7CB}
		{E25EAD30-85C4-49E8-9EDF-D3FCEFCD63D1} = {61658AB5-FFDB-45CE-9AC5-05C29F84C7CB}
		{57CE84B0-E509-4707-A125-7B8FEED37FFB} = {61658AB5-FFDB-45CE-9AC5-05C29F84C7CB}
		{18CC7148-72FE-4C2C-8946-4449E9BA717B} = {61658AB5-FFDB-45CE-9AC5-05C29F84C7CB}
		{8796C490-5DF8-483A-9B3A-445A45229C81} = {61658AB5-FFDB-45CE-9AC5-05C29F84C7CB}
		{8D438017-0B60-4F6B-8D79-277332215615} = {61658AB5-FFDB-45CE-9AC5-05C29F84C7CB}
		{CD49741D-FA81-441A-BADC-A0072C92FCDE} = {61658AB5-FFDB-45CE-9AC5-05C29F84C7CB}
		{7D2C71B2-0A5F-4948-8468-B1183DA92ED3} = {61658AB5-FFDB-45CE-9AC5-05C29F84C7CB}
		{C741903F-0414-4205-B3B6-7B31E4A07280} = {61658AB5-FFDB-45CE-9AC5-05C29F84C7CB}
		{93472705-0792-4B5D-ADEE-94091A782885} = {61658AB5-FFDB-45CE-9AC5-05C29F84C7CB}
		{EE076C0D-5D44-46D2-B12C-FF81C0EDAC1C} = {61658AB5-FFDB-45CE-9AC5-05C29F84C7CB}
		{0E6A2AE2-6466-406A-85FB-B3BCD5B33986} = {61658AB5-FFDB-45CE-9AC5-05C29F84C7CB}
		{1EB30FC4-AC04-4E48-9275-0C5461164219} = {61658AB5-FFDB-45CE-9AC5-05C29F84C7CB}
		{B40FF228-D8CE-4D93-B7D0-9C43FED33F88} = {61658AB5-FFDB-45CE-9AC5-05C29F84C7CB}
		{BD001C85-D090-4DF8-BFAC-4511882FF1CB} = {61658AB5-FFDB-45CE-9AC5-05C29F84C7CB}
		{AD3CF1A4-B586-4E3F-AFFB-7F541D19889C} = {61658AB5-FFDB-45CE-9AC5-05C29F84C7CB}
		{065430C1-C174-4F55-AF61-6F5389C9A24F} = {61658AB5-FFDB-45CE-9AC5-05C29F84C7CB}
		{BE563D68-4482-44E2-B9DF-03AD2DC8EB47} = {61658AB5-FFDB-45CE-9AC5-05C29F84C7CB}
		{1F8F8DBF-7900-415A-8138-6B90399BFB06} = {61658AB5-FFDB-45CE-9AC5-05C29F84C7CB}
		{AE7415CD-4614-4A78-A222-663B974348C4} = {61658AB5-FFDB-45CE-9AC5-05C29F84C7CB}
		{D0C1E6B4-D9B3-4D17-811C-780DB1117623} = {61658AB5-FFDB-45CE-9AC5-05C29F84C7CB}
		{4EE1855E-23D2-4A67-BA15-279B3E66505C} = {61658AB5-FFDB-45CE-9AC5-05C29F84C7CB}
		{73E437B5-F4E4-4A19-8CEC-3B827EADA1AC} = {61658AB5-FFDB-45CE-9AC5-05C29F84C7CB}
		{F6B56CA5-C206-420B-B02A-CBB3A5AF899F} = {61658AB5-FFDB-45CE-9AC5-05C29F84C7CB}
		{88400CAE-7F78-4531-829D-BEA3BB601480} = {61658AB5-FFDB-45CE-9AC5-05C29F84C7CB}
		{1AFAFB24-DC21-40EF-8CD3-01359BA33A42} = {61658AB5-FFDB-45CE-9AC5-05C29F84C7CB}
		{DBD4ECD2-84F6-4000-A3BE-4A6CDB521CE8} = {61658AB5-FFDB-45CE-9AC5-05C29F84C7CB}
		{FE62E888-EFB7-4FE2-BAEE-D7F11EEC4CC3} = {61658AB5-FFDB-45CE-9AC5-05C29F84C7CB}
		{083E57F6-FD3C-4D64-BE4D-64F2E229190B} = {61658AB5-FFDB-45CE-9AC5-05C29F84C7CB}
		{5E1A037B-154F-46E3-A8B6-CB255774C06A} = {61658AB5-FFDB-45CE-9AC5-05C29F84C7CB}
		{35F9529D-40BB-418A-B301-1DFCDB2DF64E} = {61658AB5-FFDB-45CE-9AC5-05C29F84C7CB}
		{BC5F2D24-B0BD-427E-A2DE-BF5B75C944EC} = {61658AB5-FFDB-45CE-9AC5-05C29F84C7CB}
		{3F7A0010-B4FE-4622-8693-D77926998A45} = {61658AB5-FFDB-45CE-9AC5-05C29F84C7CB}
		{9FB8A07E-64CC-43B2-B79D-59775E193859} = {61658AB5-FFDB-45CE-9AC5-05C29F84C7CB}
		{1345CEB9-42E8-4FF6-8708-15FDCE395895} = {61658AB5-FFDB-45CE-9AC5-05C29F84C7CB}
		{B7896611-6704-4768-9FBE-3CE43D984632} = {61658AB5-FFDB-45CE-9AC5-05C29F84C7CB}
		{A502BD7E-06EB-4279-8A41-875DA19F28B2} = {61658AB5-FFDB-45CE-9AC5-05C29F84C7CB}
		{994FCD1C-B613-40D1-936E-2A95733238DB} = {61658AB5-FFDB-45CE-9AC5-05C29F84C7CB}
		{7D09581D-0491-43A0-9C6B-A143A98AE51C} = {61658AB5-FFDB-45CE-9AC5-05C29F84C7CB}
		{2330ED6D-4B86-4BFA-8F1D-C50A60CA3FA5} = {61658AB5-FFDB-45CE-9AC5-05C29F84C7CB}
		{2482D1B2-2300-4541-97E6-64921DC0A565} = {61658AB5-FFDB-45CE-9AC5-05C29F84C7CB}
		{FDF3C153-C384-47D6-A8E3-C4608D63AE9F} = {61658AB5-FFDB-45CE-9AC5-05C29F84C7CB}
		{A12E5700-7C45-452B-AAAD-D3B503144A56} = {61658AB5-FFDB-45CE-9AC5-05C29F84C7CB}
		{86E4B6B9-61A8-4AE2-95A4-518E97BA426F} = {61658AB5-FFDB-45CE-9AC5-05C29F84C7CB}
		{A4871DAE-7790-4EE8-B91E-EEE9ABEB2C85} = {61658AB5-FFDB-45CE-9AC5-05C29F84C7CB}
		{D21BD660-76DA-42FA-B40F-68F216E5B2E0} = {61658AB5-FFDB-45CE-9AC5-05C29F84C7CB}
		{1873027B-EBAD-4BE0-817B-B6664FDD543C} = {61658AB5-FFDB-45CE-9AC5-05C29F84C7CB}
		{4C6AED04-719A-4186-9934-47FB4B29C271} = {61658AB5-FFDB-45CE-9AC5-05C29F84C7CB}
		{02491E24-D69A-4647-BDF8-4099D8C89AD5} = {61658AB5-FFDB-45CE-9AC5-05C29F84C7CB}
		{5023D1B0-9029-4A64-8389-3E74D140E700} = {61658AB5-FFDB-45CE-9AC5-05C29F84C7CB}
		{65BBC2A3-1895-415C-BC07-6EE8F3DC8665} = {61658AB5-FFDB-45CE-9AC5-05C29F84C7CB}
		{E2ABA0F4-3E4D-4DCD-8FFB-C313D3A9BD99} = {61658AB5-FFDB-45CE-9AC5-05C29F84C7CB}
		{5589B8EB-E57C-4EF2-B66A-F5FA03D9EFFD} = {61658AB5-FFDB-45CE-9AC5-05C29F84C7CB}
		{351D9577-8B1D-47D3-8A50-26C7DA59CBCA} = {61658AB5-FFDB-45CE-9AC5-05C29F84C7CB}
		{CFCEC3BB-D166-4E01-8C5E-0F66E748D65A} = {61658AB5-FFDB-45CE-9AC5-05C29F84C7CB}
		{74126054-4360-45E6-A7B4-E1A3EF9F24B0} = {61658AB5-FFDB-45CE-9AC5-05C29F84C7CB}
		{33CE034B-8C78-4273-B3CD-6E7CE319CBB0} = {61658AB5-FFDB-45CE-9AC5-05C29F84C7CB}
		{91C683EE-5FD7-4ABE-95DE-1B12451FB13C} = {61658AB5-FFDB-45CE-9AC5-05C29F84C7CB}
		{C7434B6F-7B30-48D3-A0F2-F0531846484E} = {61658AB5-FFDB-45CE-9AC5-05C29F84C7CB}
		{6E6C7752-1366-4925-B762-2E008CAF64F6} = {61658AB5-FFDB-45CE-9AC5-05C29F84C7CB}
		{487BC8CA-BE21-46E9-A84F-9FEC9FCFA25C} = {61658AB5-FFDB-45CE-9AC5-05C29F84C7CB}
		{62CD98E3-F808-47B6-BB3A-59F1628131D5} = {61658AB5-FFDB-45CE-9AC5-05C29F84C7CB}
		{376314BC-0C2F-4AA0-9C58-E97322E3DA71} = {61658AB5-FFDB-45CE-9AC5-05C29F84C7CB}
		{625154FE-A5FD-44C4-88F8-94C8D6B75D48} = {61658AB5-FFDB-45CE-9AC5-05C29F84C7CB}
		{04E392C1-A6D6-42E8-AD84-C90BE7705099} = {61658AB5-FFDB-45CE-9AC5-05C29F84C7CB}
		{06D391EB-A7BF-455E-A94F-85516FE482C9} = {61658AB5-FFDB-45CE-9AC5-05C29F84C7CB}
		{CFE2D3EC-7A2D-43F8-A179-06DB690B39FE} = {61658AB5-FFDB-45CE-9AC5-05C29F84C7CB}
		{E248A07C-3C6B-4AD6-8E25-A8120E58158F} = {61658AB5-FFDB-45CE-9AC5-05C29F84C7CB}
		{3B79F8E4-D650-4BD0-8F7B-1364616A8F38} = {61658AB5-FFDB-45CE-9AC5-05C29F84C7CB}
		{44D77EFB-F30C-4ADC-884B-8C2CD6A673C5} = {61658AB5-FFDB-45CE-9AC5-05C29F84C7CB}
		{1F547A1C-49AD-4519-A84D-535BF02CF7D4} = {61658AB5-FFDB-45CE-9AC5-05C29F84C7CB}
		{B4F36EDE-6571-4055-97BC-16196689FE30} = {61658AB5-FFDB-45CE-9AC5-05C29F84C7CB}
		{9B762731-340B-42A8-BCF0-BE51655414F5} = {61658AB5-FFDB-45CE-9AC5-05C29F84C7CB}
		{E77F4AFE-341E-4B7C-AB5D-B75789417CC8} = {61658AB5-FFDB-45CE-9AC5-05C29F84C7CB}
		{3259B498-8393-4872-A0B0-E205CCD98677} = {61658AB5-FFDB-45CE-9AC5-05C29F84C7CB}
		{8298939F-9F78-4B57-97F5-D7D3FB03056D} = {61658AB5-FFDB-45CE-9AC5-05C29F84C7CB}
		{3C96B907-D72C-4A34-922F-0E9FB8BDCA9A} = {61658AB5-FFDB-45CE-9AC5-05C29F84C7CB}
		{BA03E541-8EFE-48BE-9B89-EAE4DB05C3B3} = {61658AB5-FFDB-45CE-9AC5-05C29F84C7CB}
		{1BBFA16F-E704-4B96-B74C-0DC8C116745B} = {61658AB5-FFDB-45CE-9AC5-05C29F84C7CB}
		{129F571B-2FBE-4AE5-858B-D4B5A2ED46C2} = {61658AB5-FFDB-45CE-9AC5-05C29F84C7CB}
		{A2D1212A-3B8A-495D-9442-CD6F06B55F86} = {61658AB5-FFDB-45CE-9AC5-05C29F84C7CB}
		{B3D5D5E3-DE06-496A-881A-6C9430AD601A} = {61658AB5-FFDB-45CE-9AC5-05C29F84C7CB}
		{12456A24-A557-46A5-A31E-E13990E932CF} = {61658AB5-FFDB-45CE-9AC5-05C29F84C7CB}
		{DDFD6091-1900-4B8D-9BBC-33348AD72DCB} = {61658AB5-FFDB-45CE-9AC5-05C29F84C7CB}
		{22BDFA87-B7AF-4A6C-9F80-5BEEABEFCE20} = {61658AB5-FFDB-45CE-9AC5-05C29F84C7CB}
		{4A615603-85E6-482E-ABCD-A23E52E00637} = {61658AB5-FFDB-45CE-9AC5-05C29F84C7CB}
	EndGlobalSection
	GlobalSection(SolutionConfigurationPlatforms) = preSolution
		Debug|Any CPU = Debug|Any CPU
		Release|Any CPU = Release|Any CPU
	EndGlobalSection
	GlobalSection(ProjectConfigurationPlatforms) = postSolution
		{A3217750-8A76-4266-ABFE-E59D6B3F4A38}.Debug|Any CPU.ActiveCfg = Debug|Any CPU
		{A3217750-8A76-4266-ABFE-E59D6B3F4A38}.Debug|Any CPU.Build.0 = Debug|Any CPU
		{A3217750-8A76-4266-ABFE-E59D6B3F4A38}.Release|Any CPU.ActiveCfg = Release|Any CPU
		{A3217750-8A76-4266-ABFE-E59D6B3F4A38}.Release|Any CPU.Build.0 = Release|Any CPU
		{D0C09792-B06E-4FA8-8ABD-11AD4EBB56F3}.Debug|Any CPU.ActiveCfg = Debug|Any CPU
		{D0C09792-B06E-4FA8-8ABD-11AD4EBB56F3}.Debug|Any CPU.Build.0 = Debug|Any CPU
		{D0C09792-B06E-4FA8-8ABD-11AD4EBB56F3}.Release|Any CPU.ActiveCfg = Release|Any CPU
		{D0C09792-B06E-4FA8-8ABD-11AD4EBB56F3}.Release|Any CPU.Build.0 = Release|Any CPU
		{09B24C75-0FF0-4726-B791-741185970CDC}.Debug|Any CPU.ActiveCfg = Debug|Any CPU
		{09B24C75-0FF0-4726-B791-741185970CDC}.Debug|Any CPU.Build.0 = Debug|Any CPU
		{09B24C75-0FF0-4726-B791-741185970CDC}.Release|Any CPU.ActiveCfg = Release|Any CPU
		{09B24C75-0FF0-4726-B791-741185970CDC}.Release|Any CPU.Build.0 = Release|Any CPU
		{9BE99798-EDDC-436C-A920-E22C419241EB}.Debug|Any CPU.ActiveCfg = Debug|Any CPU
		{9BE99798-EDDC-436C-A920-E22C419241EB}.Debug|Any CPU.Build.0 = Debug|Any CPU
		{9BE99798-EDDC-436C-A920-E22C419241EB}.Release|Any CPU.ActiveCfg = Release|Any CPU
		{9BE99798-EDDC-436C-A920-E22C419241EB}.Release|Any CPU.Build.0 = Release|Any CPU
		{B0539DB8-BD03-45B9-A963-F24C9F7F4F85}.Debug|Any CPU.ActiveCfg = Debug|Any CPU
		{B0539DB8-BD03-45B9-A963-F24C9F7F4F85}.Debug|Any CPU.Build.0 = Debug|Any CPU
		{B0539DB8-BD03-45B9-A963-F24C9F7F4F85}.Release|Any CPU.ActiveCfg = Release|Any CPU
		{B0539DB8-BD03-45B9-A963-F24C9F7F4F85}.Release|Any CPU.Build.0 = Release|Any CPU
		{AE5AC5AE-40AB-44BF-A4FB-17FC5B36FD51}.Debug|Any CPU.ActiveCfg = Debug|Any CPU
		{AE5AC5AE-40AB-44BF-A4FB-17FC5B36FD51}.Debug|Any CPU.Build.0 = Debug|Any CPU
		{AE5AC5AE-40AB-44BF-A4FB-17FC5B36FD51}.Release|Any CPU.ActiveCfg = Release|Any CPU
		{AE5AC5AE-40AB-44BF-A4FB-17FC5B36FD51}.Release|Any CPU.Build.0 = Release|Any CPU
		{229BE22F-DBA1-4600-99C8-6162BF42C30D}.Debug|Any CPU.ActiveCfg = Debug|Any CPU
		{229BE22F-DBA1-4600-99C8-6162BF42C30D}.Debug|Any CPU.Build.0 = Debug|Any CPU
		{229BE22F-DBA1-4600-99C8-6162BF42C30D}.Release|Any CPU.ActiveCfg = Release|Any CPU
		{229BE22F-DBA1-4600-99C8-6162BF42C30D}.Release|Any CPU.Build.0 = Release|Any CPU
		{4EBBBD99-B4B9-4B01-9115-CA0336C73789}.Debug|Any CPU.ActiveCfg = Debug|Any CPU
		{4EBBBD99-B4B9-4B01-9115-CA0336C73789}.Debug|Any CPU.Build.0 = Debug|Any CPU
		{4EBBBD99-B4B9-4B01-9115-CA0336C73789}.Release|Any CPU.ActiveCfg = Release|Any CPU
		{4EBBBD99-B4B9-4B01-9115-CA0336C73789}.Release|Any CPU.Build.0 = Release|Any CPU
		{363A1DC4-ACC1-4BDB-B7E3-0EBCFB3B3894}.Debug|Any CPU.ActiveCfg = Debug|Any CPU
		{363A1DC4-ACC1-4BDB-B7E3-0EBCFB3B3894}.Debug|Any CPU.Build.0 = Debug|Any CPU
		{363A1DC4-ACC1-4BDB-B7E3-0EBCFB3B3894}.Release|Any CPU.ActiveCfg = Release|Any CPU
		{363A1DC4-ACC1-4BDB-B7E3-0EBCFB3B3894}.Release|Any CPU.Build.0 = Release|Any CPU
		{75AA7EB2-93A7-4A03-8824-57BF8B9C601D}.Debug|Any CPU.ActiveCfg = Debug|Any CPU
		{75AA7EB2-93A7-4A03-8824-57BF8B9C601D}.Debug|Any CPU.Build.0 = Debug|Any CPU
		{75AA7EB2-93A7-4A03-8824-57BF8B9C601D}.Release|Any CPU.ActiveCfg = Release|Any CPU
		{75AA7EB2-93A7-4A03-8824-57BF8B9C601D}.Release|Any CPU.Build.0 = Release|Any CPU
		{287C2CA9-7494-44C4-A9AC-81AEFB96A1ED}.Debug|Any CPU.ActiveCfg = Debug|Any CPU
		{287C2CA9-7494-44C4-A9AC-81AEFB96A1ED}.Debug|Any CPU.Build.0 = Debug|Any CPU
		{287C2CA9-7494-44C4-A9AC-81AEFB96A1ED}.Release|Any CPU.ActiveCfg = Release|Any CPU
		{287C2CA9-7494-44C4-A9AC-81AEFB96A1ED}.Release|Any CPU.Build.0 = Release|Any CPU
		{BEA0A5F0-9FC5-412C-8A14-8AC08795291B}.Debug|Any CPU.ActiveCfg = Debug|Any CPU
		{BEA0A5F0-9FC5-412C-8A14-8AC08795291B}.Debug|Any CPU.Build.0 = Debug|Any CPU
		{BEA0A5F0-9FC5-412C-8A14-8AC08795291B}.Release|Any CPU.ActiveCfg = Release|Any CPU
		{BEA0A5F0-9FC5-412C-8A14-8AC08795291B}.Release|Any CPU.Build.0 = Release|Any CPU
		{C365A374-EBBC-4B94-87C8-01446568B0CB}.Debug|Any CPU.ActiveCfg = Debug|Any CPU
		{C365A374-EBBC-4B94-87C8-01446568B0CB}.Debug|Any CPU.Build.0 = Debug|Any CPU
		{C365A374-EBBC-4B94-87C8-01446568B0CB}.Release|Any CPU.ActiveCfg = Release|Any CPU
		{C365A374-EBBC-4B94-87C8-01446568B0CB}.Release|Any CPU.Build.0 = Release|Any CPU
		{068506D2-D64A-4155-A96E-752B659D996E}.Debug|Any CPU.ActiveCfg = Debug|Any CPU
		{068506D2-D64A-4155-A96E-752B659D996E}.Debug|Any CPU.Build.0 = Debug|Any CPU
		{068506D2-D64A-4155-A96E-752B659D996E}.Release|Any CPU.ActiveCfg = Release|Any CPU
		{068506D2-D64A-4155-A96E-752B659D996E}.Release|Any CPU.Build.0 = Release|Any CPU
		{E2B12077-570D-4867-9562-719459B335E8}.Debug|Any CPU.ActiveCfg = Debug|Any CPU
		{E2B12077-570D-4867-9562-719459B335E8}.Debug|Any CPU.Build.0 = Debug|Any CPU
		{E2B12077-570D-4867-9562-719459B335E8}.Release|Any CPU.ActiveCfg = Release|Any CPU
		{E2B12077-570D-4867-9562-719459B335E8}.Release|Any CPU.Build.0 = Release|Any CPU
		{B849C173-E31A-4795-B38C-3ED3705033C9}.Debug|Any CPU.ActiveCfg = Debug|Any CPU
		{B849C173-E31A-4795-B38C-3ED3705033C9}.Debug|Any CPU.Build.0 = Debug|Any CPU
		{B849C173-E31A-4795-B38C-3ED3705033C9}.Release|Any CPU.ActiveCfg = Release|Any CPU
		{B849C173-E31A-4795-B38C-3ED3705033C9}.Release|Any CPU.Build.0 = Release|Any CPU
		{E55E7B0D-EC57-48C3-9322-D4F3D5A00A23}.Debug|Any CPU.ActiveCfg = Debug|Any CPU
		{E55E7B0D-EC57-48C3-9322-D4F3D5A00A23}.Debug|Any CPU.Build.0 = Debug|Any CPU
		{E55E7B0D-EC57-48C3-9322-D4F3D5A00A23}.Release|Any CPU.ActiveCfg = Release|Any CPU
		{E55E7B0D-EC57-48C3-9322-D4F3D5A00A23}.Release|Any CPU.Build.0 = Release|Any CPU
		{CBCA6A1F-7ECF-4ECC-92C7-697BAA3D4EE2}.Debug|Any CPU.ActiveCfg = Debug|Any CPU
		{CBCA6A1F-7ECF-4ECC-92C7-697BAA3D4EE2}.Debug|Any CPU.Build.0 = Debug|Any CPU
		{CBCA6A1F-7ECF-4ECC-92C7-697BAA3D4EE2}.Release|Any CPU.ActiveCfg = Release|Any CPU
		{CBCA6A1F-7ECF-4ECC-92C7-697BAA3D4EE2}.Release|Any CPU.Build.0 = Release|Any CPU
		{37B614D1-B78A-4C2D-84A6-181649BB598C}.Debug|Any CPU.ActiveCfg = Debug|Any CPU
		{37B614D1-B78A-4C2D-84A6-181649BB598C}.Debug|Any CPU.Build.0 = Debug|Any CPU
		{37B614D1-B78A-4C2D-84A6-181649BB598C}.Release|Any CPU.ActiveCfg = Release|Any CPU
		{37B614D1-B78A-4C2D-84A6-181649BB598C}.Release|Any CPU.Build.0 = Release|Any CPU
		{0AEFA037-9C4A-42BF-9780-15F327BB3D5D}.Debug|Any CPU.ActiveCfg = Debug|Any CPU
		{0AEFA037-9C4A-42BF-9780-15F327BB3D5D}.Debug|Any CPU.Build.0 = Debug|Any CPU
		{0AEFA037-9C4A-42BF-9780-15F327BB3D5D}.Release|Any CPU.ActiveCfg = Release|Any CPU
		{0AEFA037-9C4A-42BF-9780-15F327BB3D5D}.Release|Any CPU.Build.0 = Release|Any CPU
		{D7CB0A7A-03AA-4F86-9207-3142C6C1D86C}.Debug|Any CPU.ActiveCfg = Debug|Any CPU
		{D7CB0A7A-03AA-4F86-9207-3142C6C1D86C}.Debug|Any CPU.Build.0 = Debug|Any CPU
		{D7CB0A7A-03AA-4F86-9207-3142C6C1D86C}.Release|Any CPU.ActiveCfg = Release|Any CPU
		{D7CB0A7A-03AA-4F86-9207-3142C6C1D86C}.Release|Any CPU.Build.0 = Release|Any CPU
		{A30D5327-7D6B-4F26-9DF9-1BA63D03E2F1}.Debug|Any CPU.ActiveCfg = Debug|Any CPU
		{A30D5327-7D6B-4F26-9DF9-1BA63D03E2F1}.Debug|Any CPU.Build.0 = Debug|Any CPU
		{A30D5327-7D6B-4F26-9DF9-1BA63D03E2F1}.Release|Any CPU.ActiveCfg = Release|Any CPU
		{A30D5327-7D6B-4F26-9DF9-1BA63D03E2F1}.Release|Any CPU.Build.0 = Release|Any CPU
		{65066D9B-E411-4043-B60A-94C6E4D3D2F9}.Debug|Any CPU.ActiveCfg = Debug|Any CPU
		{65066D9B-E411-4043-B60A-94C6E4D3D2F9}.Debug|Any CPU.Build.0 = Debug|Any CPU
		{65066D9B-E411-4043-B60A-94C6E4D3D2F9}.Release|Any CPU.ActiveCfg = Release|Any CPU
		{65066D9B-E411-4043-B60A-94C6E4D3D2F9}.Release|Any CPU.Build.0 = Release|Any CPU
		{429EC140-46A4-4B70-B5B4-BEF5D8848771}.Debug|Any CPU.ActiveCfg = Debug|Any CPU
		{429EC140-46A4-4B70-B5B4-BEF5D8848771}.Debug|Any CPU.Build.0 = Debug|Any CPU
		{429EC140-46A4-4B70-B5B4-BEF5D8848771}.Release|Any CPU.ActiveCfg = Release|Any CPU
		{429EC140-46A4-4B70-B5B4-BEF5D8848771}.Release|Any CPU.Build.0 = Release|Any CPU
		{74208460-F6EE-45E0-BB21-43314D4D3461}.Debug|Any CPU.ActiveCfg = Debug|Any CPU
		{74208460-F6EE-45E0-BB21-43314D4D3461}.Debug|Any CPU.Build.0 = Debug|Any CPU
		{74208460-F6EE-45E0-BB21-43314D4D3461}.Release|Any CPU.ActiveCfg = Release|Any CPU
		{74208460-F6EE-45E0-BB21-43314D4D3461}.Release|Any CPU.Build.0 = Release|Any CPU
		{70C82BFE-C292-4B24-9013-4B1F73FE7543}.Debug|Any CPU.ActiveCfg = Debug|Any CPU
		{70C82BFE-C292-4B24-9013-4B1F73FE7543}.Debug|Any CPU.Build.0 = Debug|Any CPU
		{70C82BFE-C292-4B24-9013-4B1F73FE7543}.Release|Any CPU.ActiveCfg = Release|Any CPU
		{70C82BFE-C292-4B24-9013-4B1F73FE7543}.Release|Any CPU.Build.0 = Release|Any CPU
		{48AB12E3-E6FC-409F-B9B2-21AB6B0E4240}.Debug|Any CPU.ActiveCfg = Debug|Any CPU
		{48AB12E3-E6FC-409F-B9B2-21AB6B0E4240}.Debug|Any CPU.Build.0 = Debug|Any CPU
		{48AB12E3-E6FC-409F-B9B2-21AB6B0E4240}.Release|Any CPU.ActiveCfg = Release|Any CPU
		{48AB12E3-E6FC-409F-B9B2-21AB6B0E4240}.Release|Any CPU.Build.0 = Release|Any CPU
		{EBDE5EF3-EF8B-4DDE-816B-EB018E6D6925}.Debug|Any CPU.ActiveCfg = Debug|Any CPU
		{EBDE5EF3-EF8B-4DDE-816B-EB018E6D6925}.Debug|Any CPU.Build.0 = Debug|Any CPU
		{EBDE5EF3-EF8B-4DDE-816B-EB018E6D6925}.Release|Any CPU.ActiveCfg = Release|Any CPU
		{EBDE5EF3-EF8B-4DDE-816B-EB018E6D6925}.Release|Any CPU.Build.0 = Release|Any CPU
		{56AC20C5-211C-4840-8B55-F303DCFB700F}.Debug|Any CPU.ActiveCfg = Debug|Any CPU
		{56AC20C5-211C-4840-8B55-F303DCFB700F}.Debug|Any CPU.Build.0 = Debug|Any CPU
		{56AC20C5-211C-4840-8B55-F303DCFB700F}.Release|Any CPU.ActiveCfg = Release|Any CPU
		{56AC20C5-211C-4840-8B55-F303DCFB700F}.Release|Any CPU.Build.0 = Release|Any CPU
		{C3E72D7D-BE01-42A6-9199-0F69A4D86C7F}.Debug|Any CPU.ActiveCfg = Debug|Any CPU
		{C3E72D7D-BE01-42A6-9199-0F69A4D86C7F}.Debug|Any CPU.Build.0 = Debug|Any CPU
		{C3E72D7D-BE01-42A6-9199-0F69A4D86C7F}.Release|Any CPU.ActiveCfg = Release|Any CPU
		{C3E72D7D-BE01-42A6-9199-0F69A4D86C7F}.Release|Any CPU.Build.0 = Release|Any CPU
		{9752AC9E-2BB9-487F-A1D2-A01DD3925E66}.Debug|Any CPU.ActiveCfg = Debug|Any CPU
		{9752AC9E-2BB9-487F-A1D2-A01DD3925E66}.Debug|Any CPU.Build.0 = Debug|Any CPU
		{9752AC9E-2BB9-487F-A1D2-A01DD3925E66}.Release|Any CPU.ActiveCfg = Release|Any CPU
		{9752AC9E-2BB9-487F-A1D2-A01DD3925E66}.Release|Any CPU.Build.0 = Release|Any CPU
		{C1FB0128-C5B8-46A2-9903-E22C7C65684C}.Debug|Any CPU.ActiveCfg = Debug|Any CPU
		{C1FB0128-C5B8-46A2-9903-E22C7C65684C}.Debug|Any CPU.Build.0 = Debug|Any CPU
		{C1FB0128-C5B8-46A2-9903-E22C7C65684C}.Release|Any CPU.ActiveCfg = Release|Any CPU
		{C1FB0128-C5B8-46A2-9903-E22C7C65684C}.Release|Any CPU.Build.0 = Release|Any CPU
		{00C2911D-3BD8-4BC7-9916-6ED25997C743}.Debug|Any CPU.ActiveCfg = Debug|Any CPU
		{00C2911D-3BD8-4BC7-9916-6ED25997C743}.Debug|Any CPU.Build.0 = Debug|Any CPU
		{00C2911D-3BD8-4BC7-9916-6ED25997C743}.Release|Any CPU.ActiveCfg = Release|Any CPU
		{00C2911D-3BD8-4BC7-9916-6ED25997C743}.Release|Any CPU.Build.0 = Release|Any CPU
		{06AB1ED6-1E3C-4910-BC40-2624B61A39EB}.Debug|Any CPU.ActiveCfg = Debug|Any CPU
		{06AB1ED6-1E3C-4910-BC40-2624B61A39EB}.Debug|Any CPU.Build.0 = Debug|Any CPU
		{06AB1ED6-1E3C-4910-BC40-2624B61A39EB}.Release|Any CPU.ActiveCfg = Release|Any CPU
		{06AB1ED6-1E3C-4910-BC40-2624B61A39EB}.Release|Any CPU.Build.0 = Release|Any CPU
		{F0C164ED-3FEC-4471-B4D8-45BC1BC15949}.Debug|Any CPU.ActiveCfg = Debug|Any CPU
		{F0C164ED-3FEC-4471-B4D8-45BC1BC15949}.Debug|Any CPU.Build.0 = Debug|Any CPU
		{F0C164ED-3FEC-4471-B4D8-45BC1BC15949}.Release|Any CPU.ActiveCfg = Release|Any CPU
		{F0C164ED-3FEC-4471-B4D8-45BC1BC15949}.Release|Any CPU.Build.0 = Release|Any CPU
		{AA6856BD-2DCE-4855-91E2-1C7C6BEBDA0B}.Debug|Any CPU.ActiveCfg = Debug|Any CPU
		{AA6856BD-2DCE-4855-91E2-1C7C6BEBDA0B}.Debug|Any CPU.Build.0 = Debug|Any CPU
		{AA6856BD-2DCE-4855-91E2-1C7C6BEBDA0B}.Release|Any CPU.ActiveCfg = Release|Any CPU
		{AA6856BD-2DCE-4855-91E2-1C7C6BEBDA0B}.Release|Any CPU.Build.0 = Release|Any CPU
		{336BF804-5423-4522-9374-7268CA448689}.Debug|Any CPU.ActiveCfg = Debug|Any CPU
		{336BF804-5423-4522-9374-7268CA448689}.Debug|Any CPU.Build.0 = Debug|Any CPU
		{336BF804-5423-4522-9374-7268CA448689}.Release|Any CPU.ActiveCfg = Release|Any CPU
		{336BF804-5423-4522-9374-7268CA448689}.Release|Any CPU.Build.0 = Release|Any CPU
		{AC26EA11-25C9-48BA-A8ED-F6540B256326}.Debug|Any CPU.ActiveCfg = Debug|Any CPU
		{AC26EA11-25C9-48BA-A8ED-F6540B256326}.Debug|Any CPU.Build.0 = Debug|Any CPU
		{AC26EA11-25C9-48BA-A8ED-F6540B256326}.Release|Any CPU.ActiveCfg = Release|Any CPU
		{AC26EA11-25C9-48BA-A8ED-F6540B256326}.Release|Any CPU.Build.0 = Release|Any CPU
		{4C7127FC-8563-41EF-96A4-BF486919575F}.Debug|Any CPU.ActiveCfg = Debug|Any CPU
		{4C7127FC-8563-41EF-96A4-BF486919575F}.Debug|Any CPU.Build.0 = Debug|Any CPU
		{4C7127FC-8563-41EF-96A4-BF486919575F}.Release|Any CPU.ActiveCfg = Release|Any CPU
		{4C7127FC-8563-41EF-96A4-BF486919575F}.Release|Any CPU.Build.0 = Release|Any CPU
		{7F9318E2-FD94-40C6-829E-6AADBE94EA39}.Debug|Any CPU.ActiveCfg = Debug|Any CPU
		{7F9318E2-FD94-40C6-829E-6AADBE94EA39}.Debug|Any CPU.Build.0 = Debug|Any CPU
		{7F9318E2-FD94-40C6-829E-6AADBE94EA39}.Release|Any CPU.ActiveCfg = Release|Any CPU
		{7F9318E2-FD94-40C6-829E-6AADBE94EA39}.Release|Any CPU.Build.0 = Release|Any CPU
		{0EB30701-1A4C-43ED-A3A4-071784502C2A}.Debug|Any CPU.ActiveCfg = Debug|Any CPU
		{0EB30701-1A4C-43ED-A3A4-071784502C2A}.Debug|Any CPU.Build.0 = Debug|Any CPU
		{0EB30701-1A4C-43ED-A3A4-071784502C2A}.Release|Any CPU.ActiveCfg = Release|Any CPU
		{0EB30701-1A4C-43ED-A3A4-071784502C2A}.Release|Any CPU.Build.0 = Release|Any CPU
		{D548626A-7AA8-4AB3-86E2-A4D195D874FF}.Debug|Any CPU.ActiveCfg = Debug|Any CPU
		{D548626A-7AA8-4AB3-86E2-A4D195D874FF}.Debug|Any CPU.Build.0 = Debug|Any CPU
		{D548626A-7AA8-4AB3-86E2-A4D195D874FF}.Release|Any CPU.ActiveCfg = Release|Any CPU
		{D548626A-7AA8-4AB3-86E2-A4D195D874FF}.Release|Any CPU.Build.0 = Release|Any CPU
		{631DFE66-F299-4D7F-9EEF-B1A095660BEE}.Debug|Any CPU.ActiveCfg = Debug|Any CPU
		{631DFE66-F299-4D7F-9EEF-B1A095660BEE}.Debug|Any CPU.Build.0 = Debug|Any CPU
		{631DFE66-F299-4D7F-9EEF-B1A095660BEE}.Release|Any CPU.ActiveCfg = Release|Any CPU
		{631DFE66-F299-4D7F-9EEF-B1A095660BEE}.Release|Any CPU.Build.0 = Release|Any CPU
		{6BF36AEF-E96E-4648-9782-5F026C6D7257}.Debug|Any CPU.ActiveCfg = Debug|Any CPU
		{6BF36AEF-E96E-4648-9782-5F026C6D7257}.Debug|Any CPU.Build.0 = Debug|Any CPU
		{6BF36AEF-E96E-4648-9782-5F026C6D7257}.Release|Any CPU.ActiveCfg = Release|Any CPU
		{6BF36AEF-E96E-4648-9782-5F026C6D7257}.Release|Any CPU.Build.0 = Release|Any CPU
		{DA16EA6A-5131-4550-95DF-D484EC06D8E4}.Debug|Any CPU.ActiveCfg = Debug|Any CPU
		{DA16EA6A-5131-4550-95DF-D484EC06D8E4}.Debug|Any CPU.Build.0 = Debug|Any CPU
		{DA16EA6A-5131-4550-95DF-D484EC06D8E4}.Release|Any CPU.ActiveCfg = Release|Any CPU
		{DA16EA6A-5131-4550-95DF-D484EC06D8E4}.Release|Any CPU.Build.0 = Release|Any CPU
		{D59A52EC-BFF3-4A77-8B3E-20CCFCAC58FE}.Debug|Any CPU.ActiveCfg = Debug|Any CPU
		{D59A52EC-BFF3-4A77-8B3E-20CCFCAC58FE}.Debug|Any CPU.Build.0 = Debug|Any CPU
		{D59A52EC-BFF3-4A77-8B3E-20CCFCAC58FE}.Release|Any CPU.ActiveCfg = Release|Any CPU
		{D59A52EC-BFF3-4A77-8B3E-20CCFCAC58FE}.Release|Any CPU.Build.0 = Release|Any CPU
		{CFD8A924-2B5F-4067-BA23-3855DEFC3234}.Debug|Any CPU.ActiveCfg = Debug|Any CPU
		{CFD8A924-2B5F-4067-BA23-3855DEFC3234}.Debug|Any CPU.Build.0 = Debug|Any CPU
		{CFD8A924-2B5F-4067-BA23-3855DEFC3234}.Release|Any CPU.ActiveCfg = Release|Any CPU
		{CFD8A924-2B5F-4067-BA23-3855DEFC3234}.Release|Any CPU.Build.0 = Release|Any CPU
		{4B9BF8E5-542B-4CDB-8E3C-C8EEAEE3009F}.Debug|Any CPU.ActiveCfg = Debug|Any CPU
		{4B9BF8E5-542B-4CDB-8E3C-C8EEAEE3009F}.Debug|Any CPU.Build.0 = Debug|Any CPU
		{4B9BF8E5-542B-4CDB-8E3C-C8EEAEE3009F}.Release|Any CPU.ActiveCfg = Release|Any CPU
		{4B9BF8E5-542B-4CDB-8E3C-C8EEAEE3009F}.Release|Any CPU.Build.0 = Release|Any CPU
		{D5AE8B7D-064E-4806-A8DA-64A5410EC9B0}.Debug|Any CPU.ActiveCfg = Debug|Any CPU
		{D5AE8B7D-064E-4806-A8DA-64A5410EC9B0}.Debug|Any CPU.Build.0 = Debug|Any CPU
		{D5AE8B7D-064E-4806-A8DA-64A5410EC9B0}.Release|Any CPU.ActiveCfg = Release|Any CPU
		{D5AE8B7D-064E-4806-A8DA-64A5410EC9B0}.Release|Any CPU.Build.0 = Release|Any CPU
		{7E181236-706D-4B26-96C2-3AD3326DA7A8}.Debug|Any CPU.ActiveCfg = Debug|Any CPU
		{7E181236-706D-4B26-96C2-3AD3326DA7A8}.Debug|Any CPU.Build.0 = Debug|Any CPU
		{7E181236-706D-4B26-96C2-3AD3326DA7A8}.Release|Any CPU.ActiveCfg = Release|Any CPU
		{7E181236-706D-4B26-96C2-3AD3326DA7A8}.Release|Any CPU.Build.0 = Release|Any CPU
		{0378F080-B163-45F2-992F-7DD2B09A90A4}.Debug|Any CPU.ActiveCfg = Debug|Any CPU
		{0378F080-B163-45F2-992F-7DD2B09A90A4}.Debug|Any CPU.Build.0 = Debug|Any CPU
		{0378F080-B163-45F2-992F-7DD2B09A90A4}.Release|Any CPU.ActiveCfg = Release|Any CPU
		{0378F080-B163-45F2-992F-7DD2B09A90A4}.Release|Any CPU.Build.0 = Release|Any CPU
		{377191E1-A01A-4A3E-89AD-FD6A21BC54BD}.Debug|Any CPU.ActiveCfg = Debug|Any CPU
		{377191E1-A01A-4A3E-89AD-FD6A21BC54BD}.Debug|Any CPU.Build.0 = Debug|Any CPU
		{377191E1-A01A-4A3E-89AD-FD6A21BC54BD}.Release|Any CPU.ActiveCfg = Release|Any CPU
		{377191E1-A01A-4A3E-89AD-FD6A21BC54BD}.Release|Any CPU.Build.0 = Release|Any CPU
		{FAFF97FF-78B5-4869-B89F-6476090E032B}.Debug|Any CPU.ActiveCfg = Debug|Any CPU
		{FAFF97FF-78B5-4869-B89F-6476090E032B}.Debug|Any CPU.Build.0 = Debug|Any CPU
		{FAFF97FF-78B5-4869-B89F-6476090E032B}.Release|Any CPU.ActiveCfg = Release|Any CPU
		{FAFF97FF-78B5-4869-B89F-6476090E032B}.Release|Any CPU.Build.0 = Release|Any CPU
		{954F1731-1084-407F-B054-E33786C9F8E1}.Debug|Any CPU.ActiveCfg = Debug|Any CPU
		{954F1731-1084-407F-B054-E33786C9F8E1}.Debug|Any CPU.Build.0 = Debug|Any CPU
		{954F1731-1084-407F-B054-E33786C9F8E1}.Release|Any CPU.ActiveCfg = Release|Any CPU
		{954F1731-1084-407F-B054-E33786C9F8E1}.Release|Any CPU.Build.0 = Release|Any CPU
		{EEF9C0D4-D41F-48DB-91FD-70CDE83E8C19}.Debug|Any CPU.ActiveCfg = Debug|Any CPU
		{EEF9C0D4-D41F-48DB-91FD-70CDE83E8C19}.Debug|Any CPU.Build.0 = Debug|Any CPU
		{EEF9C0D4-D41F-48DB-91FD-70CDE83E8C19}.Release|Any CPU.ActiveCfg = Release|Any CPU
		{EEF9C0D4-D41F-48DB-91FD-70CDE83E8C19}.Release|Any CPU.Build.0 = Release|Any CPU
		{5C67AC06-B0FF-4972-B3D5-EBC38DE6656E}.Debug|Any CPU.ActiveCfg = Debug|Any CPU
		{5C67AC06-B0FF-4972-B3D5-EBC38DE6656E}.Debug|Any CPU.Build.0 = Debug|Any CPU
		{5C67AC06-B0FF-4972-B3D5-EBC38DE6656E}.Release|Any CPU.ActiveCfg = Release|Any CPU
		{5C67AC06-B0FF-4972-B3D5-EBC38DE6656E}.Release|Any CPU.Build.0 = Release|Any CPU
		{03C33D55-18F4-42D0-B09D-C3B2DA21081B}.Debug|Any CPU.ActiveCfg = Debug|Any CPU
		{03C33D55-18F4-42D0-B09D-C3B2DA21081B}.Debug|Any CPU.Build.0 = Debug|Any CPU
		{03C33D55-18F4-42D0-B09D-C3B2DA21081B}.Release|Any CPU.ActiveCfg = Release|Any CPU
		{03C33D55-18F4-42D0-B09D-C3B2DA21081B}.Release|Any CPU.Build.0 = Release|Any CPU
		{2DF45B67-CE9E-4BFE-A7B5-14FD800B01CA}.Debug|Any CPU.ActiveCfg = Debug|Any CPU
		{2DF45B67-CE9E-4BFE-A7B5-14FD800B01CA}.Debug|Any CPU.Build.0 = Debug|Any CPU
		{2DF45B67-CE9E-4BFE-A7B5-14FD800B01CA}.Release|Any CPU.ActiveCfg = Release|Any CPU
		{2DF45B67-CE9E-4BFE-A7B5-14FD800B01CA}.Release|Any CPU.Build.0 = Release|Any CPU
		{37260DF0-0CE8-46AD-9D06-40385CA2240B}.Debug|Any CPU.ActiveCfg = Debug|Any CPU
		{37260DF0-0CE8-46AD-9D06-40385CA2240B}.Debug|Any CPU.Build.0 = Debug|Any CPU
		{37260DF0-0CE8-46AD-9D06-40385CA2240B}.Release|Any CPU.ActiveCfg = Release|Any CPU
		{37260DF0-0CE8-46AD-9D06-40385CA2240B}.Release|Any CPU.Build.0 = Release|Any CPU
		{EE154700-ED66-4A55-98D8-B8DD09F839FF}.Debug|Any CPU.ActiveCfg = Debug|Any CPU
		{EE154700-ED66-4A55-98D8-B8DD09F839FF}.Debug|Any CPU.Build.0 = Debug|Any CPU
		{EE154700-ED66-4A55-98D8-B8DD09F839FF}.Release|Any CPU.ActiveCfg = Release|Any CPU
		{EE154700-ED66-4A55-98D8-B8DD09F839FF}.Release|Any CPU.Build.0 = Release|Any CPU
		{8126DBF8-E005-49B5-BCF2-6DF9E93034C7}.Debug|Any CPU.ActiveCfg = Debug|Any CPU
		{8126DBF8-E005-49B5-BCF2-6DF9E93034C7}.Debug|Any CPU.Build.0 = Debug|Any CPU
		{8126DBF8-E005-49B5-BCF2-6DF9E93034C7}.Release|Any CPU.ActiveCfg = Release|Any CPU
		{8126DBF8-E005-49B5-BCF2-6DF9E93034C7}.Release|Any CPU.Build.0 = Release|Any CPU
		{C5B08A1E-481A-47D6-B7C5-71EDCE85E031}.Debug|Any CPU.ActiveCfg = Debug|Any CPU
		{C5B08A1E-481A-47D6-B7C5-71EDCE85E031}.Debug|Any CPU.Build.0 = Debug|Any CPU
		{C5B08A1E-481A-47D6-B7C5-71EDCE85E031}.Release|Any CPU.ActiveCfg = Release|Any CPU
		{C5B08A1E-481A-47D6-B7C5-71EDCE85E031}.Release|Any CPU.Build.0 = Release|Any CPU
		{87BB8F32-A57E-4BA5-A180-B95F6712076C}.Debug|Any CPU.ActiveCfg = Debug|Any CPU
		{87BB8F32-A57E-4BA5-A180-B95F6712076C}.Debug|Any CPU.Build.0 = Debug|Any CPU
		{87BB8F32-A57E-4BA5-A180-B95F6712076C}.Release|Any CPU.ActiveCfg = Release|Any CPU
		{87BB8F32-A57E-4BA5-A180-B95F6712076C}.Release|Any CPU.Build.0 = Release|Any CPU
		{C6C2DD0C-7470-4AFA-B11A-25A3BB24FD29}.Debug|Any CPU.ActiveCfg = Debug|Any CPU
		{C6C2DD0C-7470-4AFA-B11A-25A3BB24FD29}.Debug|Any CPU.Build.0 = Debug|Any CPU
		{C6C2DD0C-7470-4AFA-B11A-25A3BB24FD29}.Release|Any CPU.ActiveCfg = Release|Any CPU
		{C6C2DD0C-7470-4AFA-B11A-25A3BB24FD29}.Release|Any CPU.Build.0 = Release|Any CPU
		{24AAF316-1C4D-4646-9610-01CA6A41F141}.Debug|Any CPU.ActiveCfg = Debug|Any CPU
		{24AAF316-1C4D-4646-9610-01CA6A41F141}.Debug|Any CPU.Build.0 = Debug|Any CPU
		{24AAF316-1C4D-4646-9610-01CA6A41F141}.Release|Any CPU.ActiveCfg = Release|Any CPU
		{24AAF316-1C4D-4646-9610-01CA6A41F141}.Release|Any CPU.Build.0 = Release|Any CPU
		{E25EAD30-85C4-49E8-9EDF-D3FCEFCD63D1}.Debug|Any CPU.ActiveCfg = Debug|Any CPU
		{E25EAD30-85C4-49E8-9EDF-D3FCEFCD63D1}.Debug|Any CPU.Build.0 = Debug|Any CPU
		{E25EAD30-85C4-49E8-9EDF-D3FCEFCD63D1}.Release|Any CPU.ActiveCfg = Release|Any CPU
		{E25EAD30-85C4-49E8-9EDF-D3FCEFCD63D1}.Release|Any CPU.Build.0 = Release|Any CPU
		{57CE84B0-E509-4707-A125-7B8FEED37FFB}.Debug|Any CPU.ActiveCfg = Debug|Any CPU
		{57CE84B0-E509-4707-A125-7B8FEED37FFB}.Debug|Any CPU.Build.0 = Debug|Any CPU
		{57CE84B0-E509-4707-A125-7B8FEED37FFB}.Release|Any CPU.ActiveCfg = Release|Any CPU
		{57CE84B0-E509-4707-A125-7B8FEED37FFB}.Release|Any CPU.Build.0 = Release|Any CPU
		{18CC7148-72FE-4C2C-8946-4449E9BA717B}.Debug|Any CPU.ActiveCfg = Debug|Any CPU
		{18CC7148-72FE-4C2C-8946-4449E9BA717B}.Debug|Any CPU.Build.0 = Debug|Any CPU
		{18CC7148-72FE-4C2C-8946-4449E9BA717B}.Release|Any CPU.ActiveCfg = Release|Any CPU
		{18CC7148-72FE-4C2C-8946-4449E9BA717B}.Release|Any CPU.Build.0 = Release|Any CPU
		{8796C490-5DF8-483A-9B3A-445A45229C81}.Debug|Any CPU.ActiveCfg = Debug|Any CPU
		{8796C490-5DF8-483A-9B3A-445A45229C81}.Debug|Any CPU.Build.0 = Debug|Any CPU
		{8796C490-5DF8-483A-9B3A-445A45229C81}.Release|Any CPU.ActiveCfg = Release|Any CPU
		{8796C490-5DF8-483A-9B3A-445A45229C81}.Release|Any CPU.Build.0 = Release|Any CPU
		{8D438017-0B60-4F6B-8D79-277332215615}.Debug|Any CPU.ActiveCfg = Debug|Any CPU
		{8D438017-0B60-4F6B-8D79-277332215615}.Debug|Any CPU.Build.0 = Debug|Any CPU
		{8D438017-0B60-4F6B-8D79-277332215615}.Release|Any CPU.ActiveCfg = Release|Any CPU
		{8D438017-0B60-4F6B-8D79-277332215615}.Release|Any CPU.Build.0 = Release|Any CPU
		{CD49741D-FA81-441A-BADC-A0072C92FCDE}.Debug|Any CPU.ActiveCfg = Debug|Any CPU
		{CD49741D-FA81-441A-BADC-A0072C92FCDE}.Debug|Any CPU.Build.0 = Debug|Any CPU
		{CD49741D-FA81-441A-BADC-A0072C92FCDE}.Release|Any CPU.ActiveCfg = Release|Any CPU
		{CD49741D-FA81-441A-BADC-A0072C92FCDE}.Release|Any CPU.Build.0 = Release|Any CPU
		{7D2C71B2-0A5F-4948-8468-B1183DA92ED3}.Debug|Any CPU.ActiveCfg = Debug|Any CPU
		{7D2C71B2-0A5F-4948-8468-B1183DA92ED3}.Debug|Any CPU.Build.0 = Debug|Any CPU
		{7D2C71B2-0A5F-4948-8468-B1183DA92ED3}.Release|Any CPU.ActiveCfg = Release|Any CPU
		{7D2C71B2-0A5F-4948-8468-B1183DA92ED3}.Release|Any CPU.Build.0 = Release|Any CPU
		{C741903F-0414-4205-B3B6-7B31E4A07280}.Debug|Any CPU.ActiveCfg = Debug|Any CPU
		{C741903F-0414-4205-B3B6-7B31E4A07280}.Debug|Any CPU.Build.0 = Debug|Any CPU
		{C741903F-0414-4205-B3B6-7B31E4A07280}.Release|Any CPU.ActiveCfg = Release|Any CPU
		{C741903F-0414-4205-B3B6-7B31E4A07280}.Release|Any CPU.Build.0 = Release|Any CPU
		{93472705-0792-4B5D-ADEE-94091A782885}.Debug|Any CPU.ActiveCfg = Debug|Any CPU
		{93472705-0792-4B5D-ADEE-94091A782885}.Debug|Any CPU.Build.0 = Debug|Any CPU
		{93472705-0792-4B5D-ADEE-94091A782885}.Release|Any CPU.ActiveCfg = Release|Any CPU
		{93472705-0792-4B5D-ADEE-94091A782885}.Release|Any CPU.Build.0 = Release|Any CPU
		{EE076C0D-5D44-46D2-B12C-FF81C0EDAC1C}.Debug|Any CPU.ActiveCfg = Debug|Any CPU
		{EE076C0D-5D44-46D2-B12C-FF81C0EDAC1C}.Debug|Any CPU.Build.0 = Debug|Any CPU
		{EE076C0D-5D44-46D2-B12C-FF81C0EDAC1C}.Release|Any CPU.ActiveCfg = Release|Any CPU
		{EE076C0D-5D44-46D2-B12C-FF81C0EDAC1C}.Release|Any CPU.Build.0 = Release|Any CPU
		{0E6A2AE2-6466-406A-85FB-B3BCD5B33986}.Debug|Any CPU.ActiveCfg = Debug|Any CPU
		{0E6A2AE2-6466-406A-85FB-B3BCD5B33986}.Debug|Any CPU.Build.0 = Debug|Any CPU
		{0E6A2AE2-6466-406A-85FB-B3BCD5B33986}.Release|Any CPU.ActiveCfg = Release|Any CPU
		{0E6A2AE2-6466-406A-85FB-B3BCD5B33986}.Release|Any CPU.Build.0 = Release|Any CPU
		{1EB30FC4-AC04-4E48-9275-0C5461164219}.Debug|Any CPU.ActiveCfg = Debug|Any CPU
		{1EB30FC4-AC04-4E48-9275-0C5461164219}.Debug|Any CPU.Build.0 = Debug|Any CPU
		{1EB30FC4-AC04-4E48-9275-0C5461164219}.Release|Any CPU.ActiveCfg = Release|Any CPU
		{1EB30FC4-AC04-4E48-9275-0C5461164219}.Release|Any CPU.Build.0 = Release|Any CPU
		{B40FF228-D8CE-4D93-B7D0-9C43FED33F88}.Debug|Any CPU.ActiveCfg = Debug|Any CPU
		{B40FF228-D8CE-4D93-B7D0-9C43FED33F88}.Debug|Any CPU.Build.0 = Debug|Any CPU
		{B40FF228-D8CE-4D93-B7D0-9C43FED33F88}.Release|Any CPU.ActiveCfg = Release|Any CPU
		{B40FF228-D8CE-4D93-B7D0-9C43FED33F88}.Release|Any CPU.Build.0 = Release|Any CPU
		{BD001C85-D090-4DF8-BFAC-4511882FF1CB}.Debug|Any CPU.ActiveCfg = Debug|Any CPU
		{BD001C85-D090-4DF8-BFAC-4511882FF1CB}.Debug|Any CPU.Build.0 = Debug|Any CPU
		{BD001C85-D090-4DF8-BFAC-4511882FF1CB}.Release|Any CPU.ActiveCfg = Release|Any CPU
		{BD001C85-D090-4DF8-BFAC-4511882FF1CB}.Release|Any CPU.Build.0 = Release|Any CPU
		{AD3CF1A4-B586-4E3F-AFFB-7F541D19889C}.Debug|Any CPU.ActiveCfg = Debug|Any CPU
		{AD3CF1A4-B586-4E3F-AFFB-7F541D19889C}.Debug|Any CPU.Build.0 = Debug|Any CPU
		{AD3CF1A4-B586-4E3F-AFFB-7F541D19889C}.Release|Any CPU.ActiveCfg = Release|Any CPU
		{AD3CF1A4-B586-4E3F-AFFB-7F541D19889C}.Release|Any CPU.Build.0 = Release|Any CPU
		{065430C1-C174-4F55-AF61-6F5389C9A24F}.Debug|Any CPU.ActiveCfg = Debug|Any CPU
		{065430C1-C174-4F55-AF61-6F5389C9A24F}.Debug|Any CPU.Build.0 = Debug|Any CPU
		{065430C1-C174-4F55-AF61-6F5389C9A24F}.Release|Any CPU.ActiveCfg = Release|Any CPU
		{065430C1-C174-4F55-AF61-6F5389C9A24F}.Release|Any CPU.Build.0 = Release|Any CPU
		{BE563D68-4482-44E2-B9DF-03AD2DC8EB47}.Debug|Any CPU.ActiveCfg = Debug|Any CPU
		{BE563D68-4482-44E2-B9DF-03AD2DC8EB47}.Debug|Any CPU.Build.0 = Debug|Any CPU
		{BE563D68-4482-44E2-B9DF-03AD2DC8EB47}.Release|Any CPU.ActiveCfg = Release|Any CPU
		{BE563D68-4482-44E2-B9DF-03AD2DC8EB47}.Release|Any CPU.Build.0 = Release|Any CPU
		{1F8F8DBF-7900-415A-8138-6B90399BFB06}.Debug|Any CPU.ActiveCfg = Debug|Any CPU
		{1F8F8DBF-7900-415A-8138-6B90399BFB06}.Debug|Any CPU.Build.0 = Debug|Any CPU
		{1F8F8DBF-7900-415A-8138-6B90399BFB06}.Release|Any CPU.ActiveCfg = Release|Any CPU
		{1F8F8DBF-7900-415A-8138-6B90399BFB06}.Release|Any CPU.Build.0 = Release|Any CPU
		{AE7415CD-4614-4A78-A222-663B974348C4}.Debug|Any CPU.ActiveCfg = Debug|Any CPU
		{AE7415CD-4614-4A78-A222-663B974348C4}.Debug|Any CPU.Build.0 = Debug|Any CPU
		{AE7415CD-4614-4A78-A222-663B974348C4}.Release|Any CPU.ActiveCfg = Release|Any CPU
		{AE7415CD-4614-4A78-A222-663B974348C4}.Release|Any CPU.Build.0 = Release|Any CPU
		{D0C1E6B4-D9B3-4D17-811C-780DB1117623}.Debug|Any CPU.ActiveCfg = Debug|Any CPU
		{D0C1E6B4-D9B3-4D17-811C-780DB1117623}.Debug|Any CPU.Build.0 = Debug|Any CPU
		{D0C1E6B4-D9B3-4D17-811C-780DB1117623}.Release|Any CPU.ActiveCfg = Release|Any CPU
		{D0C1E6B4-D9B3-4D17-811C-780DB1117623}.Release|Any CPU.Build.0 = Release|Any CPU
		{4EE1855E-23D2-4A67-BA15-279B3E66505C}.Debug|Any CPU.ActiveCfg = Debug|Any CPU
		{4EE1855E-23D2-4A67-BA15-279B3E66505C}.Debug|Any CPU.Build.0 = Debug|Any CPU
		{4EE1855E-23D2-4A67-BA15-279B3E66505C}.Release|Any CPU.ActiveCfg = Release|Any CPU
		{4EE1855E-23D2-4A67-BA15-279B3E66505C}.Release|Any CPU.Build.0 = Release|Any CPU
		{73E437B5-F4E4-4A19-8CEC-3B827EADA1AC}.Debug|Any CPU.ActiveCfg = Debug|Any CPU
		{73E437B5-F4E4-4A19-8CEC-3B827EADA1AC}.Debug|Any CPU.Build.0 = Debug|Any CPU
		{73E437B5-F4E4-4A19-8CEC-3B827EADA1AC}.Release|Any CPU.ActiveCfg = Release|Any CPU
		{73E437B5-F4E4-4A19-8CEC-3B827EADA1AC}.Release|Any CPU.Build.0 = Release|Any CPU
		{F6B56CA5-C206-420B-B02A-CBB3A5AF899F}.Debug|Any CPU.ActiveCfg = Debug|Any CPU
		{F6B56CA5-C206-420B-B02A-CBB3A5AF899F}.Debug|Any CPU.Build.0 = Debug|Any CPU
		{F6B56CA5-C206-420B-B02A-CBB3A5AF899F}.Release|Any CPU.ActiveCfg = Release|Any CPU
		{F6B56CA5-C206-420B-B02A-CBB3A5AF899F}.Release|Any CPU.Build.0 = Release|Any CPU
		{88400CAE-7F78-4531-829D-BEA3BB601480}.Debug|Any CPU.ActiveCfg = Debug|Any CPU
		{88400CAE-7F78-4531-829D-BEA3BB601480}.Debug|Any CPU.Build.0 = Debug|Any CPU
		{88400CAE-7F78-4531-829D-BEA3BB601480}.Release|Any CPU.ActiveCfg = Release|Any CPU
		{88400CAE-7F78-4531-829D-BEA3BB601480}.Release|Any CPU.Build.0 = Release|Any CPU
		{1AFAFB24-DC21-40EF-8CD3-01359BA33A42}.Debug|Any CPU.ActiveCfg = Debug|Any CPU
		{1AFAFB24-DC21-40EF-8CD3-01359BA33A42}.Debug|Any CPU.Build.0 = Debug|Any CPU
		{1AFAFB24-DC21-40EF-8CD3-01359BA33A42}.Release|Any CPU.ActiveCfg = Release|Any CPU
		{1AFAFB24-DC21-40EF-8CD3-01359BA33A42}.Release|Any CPU.Build.0 = Release|Any CPU
		{DBD4ECD2-84F6-4000-A3BE-4A6CDB521CE8}.Debug|Any CPU.ActiveCfg = Debug|Any CPU
		{DBD4ECD2-84F6-4000-A3BE-4A6CDB521CE8}.Debug|Any CPU.Build.0 = Debug|Any CPU
		{DBD4ECD2-84F6-4000-A3BE-4A6CDB521CE8}.Release|Any CPU.ActiveCfg = Release|Any CPU
		{DBD4ECD2-84F6-4000-A3BE-4A6CDB521CE8}.Release|Any CPU.Build.0 = Release|Any CPU
		{FE62E888-EFB7-4FE2-BAEE-D7F11EEC4CC3}.Debug|Any CPU.ActiveCfg = Debug|Any CPU
		{FE62E888-EFB7-4FE2-BAEE-D7F11EEC4CC3}.Debug|Any CPU.Build.0 = Debug|Any CPU
		{FE62E888-EFB7-4FE2-BAEE-D7F11EEC4CC3}.Release|Any CPU.ActiveCfg = Release|Any CPU
		{FE62E888-EFB7-4FE2-BAEE-D7F11EEC4CC3}.Release|Any CPU.Build.0 = Release|Any CPU
		{083E57F6-FD3C-4D64-BE4D-64F2E229190B}.Debug|Any CPU.ActiveCfg = Debug|Any CPU
		{083E57F6-FD3C-4D64-BE4D-64F2E229190B}.Debug|Any CPU.Build.0 = Debug|Any CPU
		{083E57F6-FD3C-4D64-BE4D-64F2E229190B}.Release|Any CPU.ActiveCfg = Release|Any CPU
		{083E57F6-FD3C-4D64-BE4D-64F2E229190B}.Release|Any CPU.Build.0 = Release|Any CPU
		{5E1A037B-154F-46E3-A8B6-CB255774C06A}.Debug|Any CPU.ActiveCfg = Debug|Any CPU
		{5E1A037B-154F-46E3-A8B6-CB255774C06A}.Debug|Any CPU.Build.0 = Debug|Any CPU
		{5E1A037B-154F-46E3-A8B6-CB255774C06A}.Release|Any CPU.ActiveCfg = Release|Any CPU
		{5E1A037B-154F-46E3-A8B6-CB255774C06A}.Release|Any CPU.Build.0 = Release|Any CPU
		{35F9529D-40BB-418A-B301-1DFCDB2DF64E}.Debug|Any CPU.ActiveCfg = Debug|Any CPU
		{35F9529D-40BB-418A-B301-1DFCDB2DF64E}.Debug|Any CPU.Build.0 = Debug|Any CPU
		{35F9529D-40BB-418A-B301-1DFCDB2DF64E}.Release|Any CPU.ActiveCfg = Release|Any CPU
		{35F9529D-40BB-418A-B301-1DFCDB2DF64E}.Release|Any CPU.Build.0 = Release|Any CPU
		{BC5F2D24-B0BD-427E-A2DE-BF5B75C944EC}.Debug|Any CPU.ActiveCfg = Debug|Any CPU
		{BC5F2D24-B0BD-427E-A2DE-BF5B75C944EC}.Debug|Any CPU.Build.0 = Debug|Any CPU
		{BC5F2D24-B0BD-427E-A2DE-BF5B75C944EC}.Release|Any CPU.ActiveCfg = Release|Any CPU
		{BC5F2D24-B0BD-427E-A2DE-BF5B75C944EC}.Release|Any CPU.Build.0 = Release|Any CPU
		{3F7A0010-B4FE-4622-8693-D77926998A45}.Debug|Any CPU.ActiveCfg = Debug|Any CPU
		{3F7A0010-B4FE-4622-8693-D77926998A45}.Debug|Any CPU.Build.0 = Debug|Any CPU
		{3F7A0010-B4FE-4622-8693-D77926998A45}.Release|Any CPU.ActiveCfg = Release|Any CPU
		{3F7A0010-B4FE-4622-8693-D77926998A45}.Release|Any CPU.Build.0 = Release|Any CPU
		{9FB8A07E-64CC-43B2-B79D-59775E193859}.Debug|Any CPU.ActiveCfg = Debug|Any CPU
		{9FB8A07E-64CC-43B2-B79D-59775E193859}.Debug|Any CPU.Build.0 = Debug|Any CPU
		{9FB8A07E-64CC-43B2-B79D-59775E193859}.Release|Any CPU.ActiveCfg = Release|Any CPU
		{9FB8A07E-64CC-43B2-B79D-59775E193859}.Release|Any CPU.Build.0 = Release|Any CPU
		{1345CEB9-42E8-4FF6-8708-15FDCE395895}.Debug|Any CPU.ActiveCfg = Debug|Any CPU
		{1345CEB9-42E8-4FF6-8708-15FDCE395895}.Debug|Any CPU.Build.0 = Debug|Any CPU
		{1345CEB9-42E8-4FF6-8708-15FDCE395895}.Release|Any CPU.ActiveCfg = Release|Any CPU
		{1345CEB9-42E8-4FF6-8708-15FDCE395895}.Release|Any CPU.Build.0 = Release|Any CPU
		{B7896611-6704-4768-9FBE-3CE43D984632}.Debug|Any CPU.ActiveCfg = Debug|Any CPU
		{B7896611-6704-4768-9FBE-3CE43D984632}.Debug|Any CPU.Build.0 = Debug|Any CPU
		{B7896611-6704-4768-9FBE-3CE43D984632}.Release|Any CPU.ActiveCfg = Release|Any CPU
		{B7896611-6704-4768-9FBE-3CE43D984632}.Release|Any CPU.Build.0 = Release|Any CPU
		{A502BD7E-06EB-4279-8A41-875DA19F28B2}.Debug|Any CPU.ActiveCfg = Debug|Any CPU
		{A502BD7E-06EB-4279-8A41-875DA19F28B2}.Debug|Any CPU.Build.0 = Debug|Any CPU
		{A502BD7E-06EB-4279-8A41-875DA19F28B2}.Release|Any CPU.ActiveCfg = Release|Any CPU
		{A502BD7E-06EB-4279-8A41-875DA19F28B2}.Release|Any CPU.Build.0 = Release|Any CPU
		{994FCD1C-B613-40D1-936E-2A95733238DB}.Debug|Any CPU.ActiveCfg = Debug|Any CPU
		{994FCD1C-B613-40D1-936E-2A95733238DB}.Debug|Any CPU.Build.0 = Debug|Any CPU
		{994FCD1C-B613-40D1-936E-2A95733238DB}.Release|Any CPU.ActiveCfg = Release|Any CPU
		{994FCD1C-B613-40D1-936E-2A95733238DB}.Release|Any CPU.Build.0 = Release|Any CPU
		{7D09581D-0491-43A0-9C6B-A143A98AE51C}.Debug|Any CPU.ActiveCfg = Debug|Any CPU
		{7D09581D-0491-43A0-9C6B-A143A98AE51C}.Debug|Any CPU.Build.0 = Debug|Any CPU
		{7D09581D-0491-43A0-9C6B-A143A98AE51C}.Release|Any CPU.ActiveCfg = Release|Any CPU
		{7D09581D-0491-43A0-9C6B-A143A98AE51C}.Release|Any CPU.Build.0 = Release|Any CPU
		{2330ED6D-4B86-4BFA-8F1D-C50A60CA3FA5}.Debug|Any CPU.ActiveCfg = Debug|Any CPU
		{2330ED6D-4B86-4BFA-8F1D-C50A60CA3FA5}.Debug|Any CPU.Build.0 = Debug|Any CPU
		{2330ED6D-4B86-4BFA-8F1D-C50A60CA3FA5}.Release|Any CPU.ActiveCfg = Release|Any CPU
		{2330ED6D-4B86-4BFA-8F1D-C50A60CA3FA5}.Release|Any CPU.Build.0 = Release|Any CPU
		{2482D1B2-2300-4541-97E6-64921DC0A565}.Debug|Any CPU.ActiveCfg = Debug|Any CPU
		{2482D1B2-2300-4541-97E6-64921DC0A565}.Debug|Any CPU.Build.0 = Debug|Any CPU
		{2482D1B2-2300-4541-97E6-64921DC0A565}.Release|Any CPU.ActiveCfg = Release|Any CPU
		{2482D1B2-2300-4541-97E6-64921DC0A565}.Release|Any CPU.Build.0 = Release|Any CPU
		{FDF3C153-C384-47D6-A8E3-C4608D63AE9F}.Debug|Any CPU.ActiveCfg = Debug|Any CPU
		{FDF3C153-C384-47D6-A8E3-C4608D63AE9F}.Debug|Any CPU.Build.0 = Debug|Any CPU
		{FDF3C153-C384-47D6-A8E3-C4608D63AE9F}.Release|Any CPU.ActiveCfg = Release|Any CPU
		{FDF3C153-C384-47D6-A8E3-C4608D63AE9F}.Release|Any CPU.Build.0 = Release|Any CPU
		{A12E5700-7C45-452B-AAAD-D3B503144A56}.Debug|Any CPU.ActiveCfg = Debug|Any CPU
		{A12E5700-7C45-452B-AAAD-D3B503144A56}.Debug|Any CPU.Build.0 = Debug|Any CPU
		{A12E5700-7C45-452B-AAAD-D3B503144A56}.Release|Any CPU.ActiveCfg = Release|Any CPU
		{A12E5700-7C45-452B-AAAD-D3B503144A56}.Release|Any CPU.Build.0 = Release|Any CPU
		{86E4B6B9-61A8-4AE2-95A4-518E97BA426F}.Debug|Any CPU.ActiveCfg = Debug|Any CPU
		{86E4B6B9-61A8-4AE2-95A4-518E97BA426F}.Debug|Any CPU.Build.0 = Debug|Any CPU
		{86E4B6B9-61A8-4AE2-95A4-518E97BA426F}.Release|Any CPU.ActiveCfg = Release|Any CPU
		{86E4B6B9-61A8-4AE2-95A4-518E97BA426F}.Release|Any CPU.Build.0 = Release|Any CPU
		{A4871DAE-7790-4EE8-B91E-EEE9ABEB2C85}.Debug|Any CPU.ActiveCfg = Debug|Any CPU
		{A4871DAE-7790-4EE8-B91E-EEE9ABEB2C85}.Debug|Any CPU.Build.0 = Debug|Any CPU
		{A4871DAE-7790-4EE8-B91E-EEE9ABEB2C85}.Release|Any CPU.ActiveCfg = Release|Any CPU
		{A4871DAE-7790-4EE8-B91E-EEE9ABEB2C85}.Release|Any CPU.Build.0 = Release|Any CPU
		{D21BD660-76DA-42FA-B40F-68F216E5B2E0}.Debug|Any CPU.ActiveCfg = Debug|Any CPU
		{D21BD660-76DA-42FA-B40F-68F216E5B2E0}.Debug|Any CPU.Build.0 = Debug|Any CPU
		{D21BD660-76DA-42FA-B40F-68F216E5B2E0}.Release|Any CPU.ActiveCfg = Release|Any CPU
		{D21BD660-76DA-42FA-B40F-68F216E5B2E0}.Release|Any CPU.Build.0 = Release|Any CPU
		{1873027B-EBAD-4BE0-817B-B6664FDD543C}.Debug|Any CPU.ActiveCfg = Debug|Any CPU
		{1873027B-EBAD-4BE0-817B-B6664FDD543C}.Debug|Any CPU.Build.0 = Debug|Any CPU
		{1873027B-EBAD-4BE0-817B-B6664FDD543C}.Release|Any CPU.ActiveCfg = Release|Any CPU
		{1873027B-EBAD-4BE0-817B-B6664FDD543C}.Release|Any CPU.Build.0 = Release|Any CPU
		{4C6AED04-719A-4186-9934-47FB4B29C271}.Debug|Any CPU.ActiveCfg = Debug|Any CPU
		{4C6AED04-719A-4186-9934-47FB4B29C271}.Debug|Any CPU.Build.0 = Debug|Any CPU
		{4C6AED04-719A-4186-9934-47FB4B29C271}.Release|Any CPU.ActiveCfg = Release|Any CPU
		{4C6AED04-719A-4186-9934-47FB4B29C271}.Release|Any CPU.Build.0 = Release|Any CPU
		{02491E24-D69A-4647-BDF8-4099D8C89AD5}.Debug|Any CPU.ActiveCfg = Debug|Any CPU
		{02491E24-D69A-4647-BDF8-4099D8C89AD5}.Debug|Any CPU.Build.0 = Debug|Any CPU
		{02491E24-D69A-4647-BDF8-4099D8C89AD5}.Release|Any CPU.ActiveCfg = Release|Any CPU
		{02491E24-D69A-4647-BDF8-4099D8C89AD5}.Release|Any CPU.Build.0 = Release|Any CPU
		{5023D1B0-9029-4A64-8389-3E74D140E700}.Debug|Any CPU.ActiveCfg = Debug|Any CPU
		{5023D1B0-9029-4A64-8389-3E74D140E700}.Debug|Any CPU.Build.0 = Debug|Any CPU
		{5023D1B0-9029-4A64-8389-3E74D140E700}.Release|Any CPU.ActiveCfg = Release|Any CPU
		{5023D1B0-9029-4A64-8389-3E74D140E700}.Release|Any CPU.Build.0 = Release|Any CPU
		{65BBC2A3-1895-415C-BC07-6EE8F3DC8665}.Debug|Any CPU.ActiveCfg = Debug|Any CPU
		{65BBC2A3-1895-415C-BC07-6EE8F3DC8665}.Debug|Any CPU.Build.0 = Debug|Any CPU
		{65BBC2A3-1895-415C-BC07-6EE8F3DC8665}.Release|Any CPU.ActiveCfg = Release|Any CPU
		{65BBC2A3-1895-415C-BC07-6EE8F3DC8665}.Release|Any CPU.Build.0 = Release|Any CPU
		{E2ABA0F4-3E4D-4DCD-8FFB-C313D3A9BD99}.Debug|Any CPU.ActiveCfg = Debug|Any CPU
		{E2ABA0F4-3E4D-4DCD-8FFB-C313D3A9BD99}.Debug|Any CPU.Build.0 = Debug|Any CPU
		{E2ABA0F4-3E4D-4DCD-8FFB-C313D3A9BD99}.Release|Any CPU.ActiveCfg = Release|Any CPU
		{E2ABA0F4-3E4D-4DCD-8FFB-C313D3A9BD99}.Release|Any CPU.Build.0 = Release|Any CPU
		{5589B8EB-E57C-4EF2-B66A-F5FA03D9EFFD}.Debug|Any CPU.ActiveCfg = Debug|Any CPU
		{5589B8EB-E57C-4EF2-B66A-F5FA03D9EFFD}.Debug|Any CPU.Build.0 = Debug|Any CPU
		{5589B8EB-E57C-4EF2-B66A-F5FA03D9EFFD}.Release|Any CPU.ActiveCfg = Release|Any CPU
		{5589B8EB-E57C-4EF2-B66A-F5FA03D9EFFD}.Release|Any CPU.Build.0 = Release|Any CPU
		{351D9577-8B1D-47D3-8A50-26C7DA59CBCA}.Debug|Any CPU.ActiveCfg = Debug|Any CPU
		{351D9577-8B1D-47D3-8A50-26C7DA59CBCA}.Debug|Any CPU.Build.0 = Debug|Any CPU
		{351D9577-8B1D-47D3-8A50-26C7DA59CBCA}.Release|Any CPU.ActiveCfg = Release|Any CPU
		{351D9577-8B1D-47D3-8A50-26C7DA59CBCA}.Release|Any CPU.Build.0 = Release|Any CPU
		{CFCEC3BB-D166-4E01-8C5E-0F66E748D65A}.Debug|Any CPU.ActiveCfg = Debug|Any CPU
		{CFCEC3BB-D166-4E01-8C5E-0F66E748D65A}.Debug|Any CPU.Build.0 = Debug|Any CPU
		{CFCEC3BB-D166-4E01-8C5E-0F66E748D65A}.Release|Any CPU.ActiveCfg = Release|Any CPU
		{CFCEC3BB-D166-4E01-8C5E-0F66E748D65A}.Release|Any CPU.Build.0 = Release|Any CPU
		{74126054-4360-45E6-A7B4-E1A3EF9F24B0}.Debug|Any CPU.ActiveCfg = Debug|Any CPU
		{74126054-4360-45E6-A7B4-E1A3EF9F24B0}.Debug|Any CPU.Build.0 = Debug|Any CPU
		{74126054-4360-45E6-A7B4-E1A3EF9F24B0}.Release|Any CPU.ActiveCfg = Release|Any CPU
		{74126054-4360-45E6-A7B4-E1A3EF9F24B0}.Release|Any CPU.Build.0 = Release|Any CPU
		{33CE034B-8C78-4273-B3CD-6E7CE319CBB0}.Debug|Any CPU.ActiveCfg = Debug|Any CPU
		{33CE034B-8C78-4273-B3CD-6E7CE319CBB0}.Debug|Any CPU.Build.0 = Debug|Any CPU
		{33CE034B-8C78-4273-B3CD-6E7CE319CBB0}.Release|Any CPU.ActiveCfg = Release|Any CPU
		{33CE034B-8C78-4273-B3CD-6E7CE319CBB0}.Release|Any CPU.Build.0 = Release|Any CPU
		{91C683EE-5FD7-4ABE-95DE-1B12451FB13C}.Debug|Any CPU.ActiveCfg = Debug|Any CPU
		{91C683EE-5FD7-4ABE-95DE-1B12451FB13C}.Debug|Any CPU.Build.0 = Debug|Any CPU
		{91C683EE-5FD7-4ABE-95DE-1B12451FB13C}.Release|Any CPU.ActiveCfg = Release|Any CPU
		{91C683EE-5FD7-4ABE-95DE-1B12451FB13C}.Release|Any CPU.Build.0 = Release|Any CPU
		{C7434B6F-7B30-48D3-A0F2-F0531846484E}.Debug|Any CPU.ActiveCfg = Debug|Any CPU
		{C7434B6F-7B30-48D3-A0F2-F0531846484E}.Debug|Any CPU.Build.0 = Debug|Any CPU
		{C7434B6F-7B30-48D3-A0F2-F0531846484E}.Release|Any CPU.ActiveCfg = Release|Any CPU
		{C7434B6F-7B30-48D3-A0F2-F0531846484E}.Release|Any CPU.Build.0 = Release|Any CPU
		{6E6C7752-1366-4925-B762-2E008CAF64F6}.Debug|Any CPU.ActiveCfg = Debug|Any CPU
		{6E6C7752-1366-4925-B762-2E008CAF64F6}.Debug|Any CPU.Build.0 = Debug|Any CPU
		{6E6C7752-1366-4925-B762-2E008CAF64F6}.Release|Any CPU.ActiveCfg = Release|Any CPU
		{6E6C7752-1366-4925-B762-2E008CAF64F6}.Release|Any CPU.Build.0 = Release|Any CPU
		{487BC8CA-BE21-46E9-A84F-9FEC9FCFA25C}.Debug|Any CPU.ActiveCfg = Debug|Any CPU
		{487BC8CA-BE21-46E9-A84F-9FEC9FCFA25C}.Debug|Any CPU.Build.0 = Debug|Any CPU
		{487BC8CA-BE21-46E9-A84F-9FEC9FCFA25C}.Release|Any CPU.ActiveCfg = Release|Any CPU
		{487BC8CA-BE21-46E9-A84F-9FEC9FCFA25C}.Release|Any CPU.Build.0 = Release|Any CPU
		{62CD98E3-F808-47B6-BB3A-59F1628131D5}.Debug|Any CPU.ActiveCfg = Debug|Any CPU
		{62CD98E3-F808-47B6-BB3A-59F1628131D5}.Debug|Any CPU.Build.0 = Debug|Any CPU
		{62CD98E3-F808-47B6-BB3A-59F1628131D5}.Release|Any CPU.ActiveCfg = Release|Any CPU
		{62CD98E3-F808-47B6-BB3A-59F1628131D5}.Release|Any CPU.Build.0 = Release|Any CPU
		{376314BC-0C2F-4AA0-9C58-E97322E3DA71}.Debug|Any CPU.ActiveCfg = Debug|Any CPU
		{376314BC-0C2F-4AA0-9C58-E97322E3DA71}.Debug|Any CPU.Build.0 = Debug|Any CPU
		{376314BC-0C2F-4AA0-9C58-E97322E3DA71}.Release|Any CPU.ActiveCfg = Release|Any CPU
		{376314BC-0C2F-4AA0-9C58-E97322E3DA71}.Release|Any CPU.Build.0 = Release|Any CPU
		{625154FE-A5FD-44C4-88F8-94C8D6B75D48}.Debug|Any CPU.ActiveCfg = Debug|Any CPU
		{625154FE-A5FD-44C4-88F8-94C8D6B75D48}.Debug|Any CPU.Build.0 = Debug|Any CPU
		{625154FE-A5FD-44C4-88F8-94C8D6B75D48}.Release|Any CPU.ActiveCfg = Release|Any CPU
		{625154FE-A5FD-44C4-88F8-94C8D6B75D48}.Release|Any CPU.Build.0 = Release|Any CPU
		{04E392C1-A6D6-42E8-AD84-C90BE7705099}.Debug|Any CPU.ActiveCfg = Debug|Any CPU
		{04E392C1-A6D6-42E8-AD84-C90BE7705099}.Debug|Any CPU.Build.0 = Debug|Any CPU
		{04E392C1-A6D6-42E8-AD84-C90BE7705099}.Release|Any CPU.ActiveCfg = Release|Any CPU
		{04E392C1-A6D6-42E8-AD84-C90BE7705099}.Release|Any CPU.Build.0 = Release|Any CPU
		{06D391EB-A7BF-455E-A94F-85516FE482C9}.Debug|Any CPU.ActiveCfg = Debug|Any CPU
		{06D391EB-A7BF-455E-A94F-85516FE482C9}.Debug|Any CPU.Build.0 = Debug|Any CPU
		{06D391EB-A7BF-455E-A94F-85516FE482C9}.Release|Any CPU.ActiveCfg = Release|Any CPU
		{06D391EB-A7BF-455E-A94F-85516FE482C9}.Release|Any CPU.Build.0 = Release|Any CPU
		{CFE2D3EC-7A2D-43F8-A179-06DB690B39FE}.Debug|Any CPU.ActiveCfg = Debug|Any CPU
		{CFE2D3EC-7A2D-43F8-A179-06DB690B39FE}.Debug|Any CPU.Build.0 = Debug|Any CPU
		{CFE2D3EC-7A2D-43F8-A179-06DB690B39FE}.Release|Any CPU.ActiveCfg = Release|Any CPU
		{CFE2D3EC-7A2D-43F8-A179-06DB690B39FE}.Release|Any CPU.Build.0 = Release|Any CPU
		{E248A07C-3C6B-4AD6-8E25-A8120E58158F}.Debug|Any CPU.ActiveCfg = Debug|Any CPU
		{E248A07C-3C6B-4AD6-8E25-A8120E58158F}.Debug|Any CPU.Build.0 = Debug|Any CPU
		{E248A07C-3C6B-4AD6-8E25-A8120E58158F}.Release|Any CPU.ActiveCfg = Release|Any CPU
		{E248A07C-3C6B-4AD6-8E25-A8120E58158F}.Release|Any CPU.Build.0 = Release|Any CPU
		{3B79F8E4-D650-4BD0-8F7B-1364616A8F38}.Debug|Any CPU.ActiveCfg = Debug|Any CPU
		{3B79F8E4-D650-4BD0-8F7B-1364616A8F38}.Debug|Any CPU.Build.0 = Debug|Any CPU
		{3B79F8E4-D650-4BD0-8F7B-1364616A8F38}.Release|Any CPU.ActiveCfg = Release|Any CPU
		{3B79F8E4-D650-4BD0-8F7B-1364616A8F38}.Release|Any CPU.Build.0 = Release|Any CPU
		{44D77EFB-F30C-4ADC-884B-8C2CD6A673C5}.Debug|Any CPU.ActiveCfg = Debug|Any CPU
		{44D77EFB-F30C-4ADC-884B-8C2CD6A673C5}.Debug|Any CPU.Build.0 = Debug|Any CPU
		{44D77EFB-F30C-4ADC-884B-8C2CD6A673C5}.Release|Any CPU.ActiveCfg = Release|Any CPU
		{44D77EFB-F30C-4ADC-884B-8C2CD6A673C5}.Release|Any CPU.Build.0 = Release|Any CPU
		{1F547A1C-49AD-4519-A84D-535BF02CF7D4}.Debug|Any CPU.ActiveCfg = Debug|Any CPU
		{1F547A1C-49AD-4519-A84D-535BF02CF7D4}.Debug|Any CPU.Build.0 = Debug|Any CPU
		{1F547A1C-49AD-4519-A84D-535BF02CF7D4}.Release|Any CPU.ActiveCfg = Release|Any CPU
		{1F547A1C-49AD-4519-A84D-535BF02CF7D4}.Release|Any CPU.Build.0 = Release|Any CPU
		{B4F36EDE-6571-4055-97BC-16196689FE30}.Debug|Any CPU.ActiveCfg = Debug|Any CPU
		{B4F36EDE-6571-4055-97BC-16196689FE30}.Debug|Any CPU.Build.0 = Debug|Any CPU
		{B4F36EDE-6571-4055-97BC-16196689FE30}.Release|Any CPU.ActiveCfg = Release|Any CPU
		{B4F36EDE-6571-4055-97BC-16196689FE30}.Release|Any CPU.Build.0 = Release|Any CPU
		{9B762731-340B-42A8-BCF0-BE51655414F5}.Debug|Any CPU.ActiveCfg = Debug|Any CPU
		{9B762731-340B-42A8-BCF0-BE51655414F5}.Debug|Any CPU.Build.0 = Debug|Any CPU
		{9B762731-340B-42A8-BCF0-BE51655414F5}.Release|Any CPU.ActiveCfg = Release|Any CPU
		{9B762731-340B-42A8-BCF0-BE51655414F5}.Release|Any CPU.Build.0 = Release|Any CPU
		{E77F4AFE-341E-4B7C-AB5D-B75789417CC8}.Debug|Any CPU.ActiveCfg = Debug|Any CPU
		{E77F4AFE-341E-4B7C-AB5D-B75789417CC8}.Debug|Any CPU.Build.0 = Debug|Any CPU
		{E77F4AFE-341E-4B7C-AB5D-B75789417CC8}.Release|Any CPU.ActiveCfg = Release|Any CPU
		{E77F4AFE-341E-4B7C-AB5D-B75789417CC8}.Release|Any CPU.Build.0 = Release|Any CPU
		{3259B498-8393-4872-A0B0-E205CCD98677}.Debug|Any CPU.ActiveCfg = Debug|Any CPU
		{3259B498-8393-4872-A0B0-E205CCD98677}.Debug|Any CPU.Build.0 = Debug|Any CPU
		{3259B498-8393-4872-A0B0-E205CCD98677}.Release|Any CPU.ActiveCfg = Release|Any CPU
		{3259B498-8393-4872-A0B0-E205CCD98677}.Release|Any CPU.Build.0 = Release|Any CPU
		{8298939F-9F78-4B57-97F5-D7D3FB03056D}.Debug|Any CPU.ActiveCfg = Debug|Any CPU
		{8298939F-9F78-4B57-97F5-D7D3FB03056D}.Debug|Any CPU.Build.0 = Debug|Any CPU
		{8298939F-9F78-4B57-97F5-D7D3FB03056D}.Release|Any CPU.ActiveCfg = Release|Any CPU
		{8298939F-9F78-4B57-97F5-D7D3FB03056D}.Release|Any CPU.Build.0 = Release|Any CPU
		{3C96B907-D72C-4A34-922F-0E9FB8BDCA9A}.Debug|Any CPU.ActiveCfg = Debug|Any CPU
		{3C96B907-D72C-4A34-922F-0E9FB8BDCA9A}.Debug|Any CPU.Build.0 = Debug|Any CPU
		{3C96B907-D72C-4A34-922F-0E9FB8BDCA9A}.Release|Any CPU.ActiveCfg = Release|Any CPU
		{3C96B907-D72C-4A34-922F-0E9FB8BDCA9A}.Release|Any CPU.Build.0 = Release|Any CPU
		{BA03E541-8EFE-48BE-9B89-EAE4DB05C3B3}.Debug|Any CPU.ActiveCfg = Debug|Any CPU
		{BA03E541-8EFE-48BE-9B89-EAE4DB05C3B3}.Debug|Any CPU.Build.0 = Debug|Any CPU
		{BA03E541-8EFE-48BE-9B89-EAE4DB05C3B3}.Release|Any CPU.ActiveCfg = Release|Any CPU
		{BA03E541-8EFE-48BE-9B89-EAE4DB05C3B3}.Release|Any CPU.Build.0 = Release|Any CPU
		{1BBFA16F-E704-4B96-B74C-0DC8C116745B}.Debug|Any CPU.ActiveCfg = Debug|Any CPU
		{1BBFA16F-E704-4B96-B74C-0DC8C116745B}.Debug|Any CPU.Build.0 = Debug|Any CPU
		{1BBFA16F-E704-4B96-B74C-0DC8C116745B}.Release|Any CPU.ActiveCfg = Release|Any CPU
		{1BBFA16F-E704-4B96-B74C-0DC8C116745B}.Release|Any CPU.Build.0 = Release|Any CPU
		{129F571B-2FBE-4AE5-858B-D4B5A2ED46C2}.Debug|Any CPU.ActiveCfg = Debug|Any CPU
		{129F571B-2FBE-4AE5-858B-D4B5A2ED46C2}.Debug|Any CPU.Build.0 = Debug|Any CPU
		{129F571B-2FBE-4AE5-858B-D4B5A2ED46C2}.Release|Any CPU.ActiveCfg = Release|Any CPU
		{129F571B-2FBE-4AE5-858B-D4B5A2ED46C2}.Release|Any CPU.Build.0 = Release|Any CPU
		{A2D1212A-3B8A-495D-9442-CD6F06B55F86}.Debug|Any CPU.ActiveCfg = Debug|Any CPU
		{A2D1212A-3B8A-495D-9442-CD6F06B55F86}.Debug|Any CPU.Build.0 = Debug|Any CPU
		{A2D1212A-3B8A-495D-9442-CD6F06B55F86}.Release|Any CPU.ActiveCfg = Release|Any CPU
		{A2D1212A-3B8A-495D-9442-CD6F06B55F86}.Release|Any CPU.Build.0 = Release|Any CPU
		{B3D5D5E3-DE06-496A-881A-6C9430AD601A}.Debug|Any CPU.ActiveCfg = Debug|Any CPU
		{B3D5D5E3-DE06-496A-881A-6C9430AD601A}.Debug|Any CPU.Build.0 = Debug|Any CPU
		{B3D5D5E3-DE06-496A-881A-6C9430AD601A}.Release|Any CPU.ActiveCfg = Release|Any CPU
		{B3D5D5E3-DE06-496A-881A-6C9430AD601A}.Release|Any CPU.Build.0 = Release|Any CPU
		{12456A24-A557-46A5-A31E-E13990E932CF}.Debug|Any CPU.ActiveCfg = Debug|Any CPU
		{12456A24-A557-46A5-A31E-E13990E932CF}.Debug|Any CPU.Build.0 = Debug|Any CPU
		{12456A24-A557-46A5-A31E-E13990E932CF}.Release|Any CPU.ActiveCfg = Release|Any CPU
		{12456A24-A557-46A5-A31E-E13990E932CF}.Release|Any CPU.Build.0 = Release|Any CPU
		{DDFD6091-1900-4B8D-9BBC-33348AD72DCB}.Debug|Any CPU.ActiveCfg = Debug|Any CPU
		{DDFD6091-1900-4B8D-9BBC-33348AD72DCB}.Debug|Any CPU.Build.0 = Debug|Any CPU
		{DDFD6091-1900-4B8D-9BBC-33348AD72DCB}.Release|Any CPU.ActiveCfg = Release|Any CPU
		{DDFD6091-1900-4B8D-9BBC-33348AD72DCB}.Release|Any CPU.Build.0 = Release|Any CPU
		{22BDFA87-B7AF-4A6C-9F80-5BEEABEFCE20}.Debug|Any CPU.ActiveCfg = Debug|Any CPU
		{22BDFA87-B7AF-4A6C-9F80-5BEEABEFCE20}.Debug|Any CPU.Build.0 = Debug|Any CPU
		{22BDFA87-B7AF-4A6C-9F80-5BEEABEFCE20}.Release|Any CPU.ActiveCfg = Release|Any CPU
		{22BDFA87-B7AF-4A6C-9F80-5BEEABEFCE20}.Release|Any CPU.Build.0 = Release|Any CPU
		{4A615603-85E6-482E-ABCD-A23E52E00637}.Debug|Any CPU.ActiveCfg = Debug|Any CPU
		{4A615603-85E6-482E-ABCD-A23E52E00637}.Debug|Any CPU.Build.0 = Debug|Any CPU
		{4A615603-85E6-482E-ABCD-A23E52E00637}.Release|Any CPU.ActiveCfg = Release|Any CPU
		{4A615603-85E6-482E-ABCD-A23E52E00637}.Release|Any CPU.Build.0 = Release|Any CPU
	EndGlobalSection
	GlobalSection(SolutionProperties) = preSolution
		HideSolutionNode = FALSE
	EndGlobalSection
	GlobalSection(ExtensibilityGlobals) = postSolution
		SolutionGuid = {84D3A960-7E7C-4416-8436-4D2F815EC4DE}
	EndGlobalSection
EndGlobal
