
Microsoft Visual Studio Solution File, Format Version 12.00
# Visual Studio Version 17
VisualStudioVersion = 17.2.32630.192
MinimumVisualStudioVersion = 10.0.40219.1
Project("{9A19103F-16F7-4668-BE54-9A1E7A4F7556}") = "R5T.S0088", "R5T.S0088\R5T.S0088.csproj", "{A3217750-8A76-4266-ABFE-E59D6B3F4A38}"
EndProject
Global
	GlobalSection(SolutionConfigurationPlatforms) = preSolution
		Debug|Any CPU = Debug|Any CPU
		Release|Any CPU = Release|Any CPU
	EndGlobalSection
	GlobalSection(ProjectConfigurationPlatforms) = postSolution
		{A3217750-8A76-4266-ABFE-E59D6B3F4A38}.Debug|Any CPU.ActiveCfg = Debug|Any CPU
		{A3217750-8A76-4266-ABFE-E59D6B3F4A38}.Debug|Any CPU.Build.0 = Debug|Any CPU
		{A3217750-8A76-4266-ABFE-E59D6B3F4A38}.Release|Any CPU.ActiveCfg = Release|Any CPU
		{A3217750-8A76-4266-ABFE-E59D6B3F4A38}.Release|Any CPU.Build.0 = Release|Any CPU
	EndGlobalSection
	GlobalSection(SolutionProperties) = preSolution
		HideSolutionNode = FALSE
	EndGlobalSection
	GlobalSection(ExtensibilityGlobals) = postSolution
		SolutionGuid = {84D3A960-7E7C-4416-8436-4D2F815EC4DE}
	EndGlobalSection
EndGlobal
